PODS:
  - PasswordTextField (1.2.0)
  - Toast-Swift (5.0.1)
  - ZIPFoundation (0.9.11)

DEPENDENCIES:
  - PasswordTextField
  - Toast-Swift (~> 5.0.0)
  - ZIPFoundation

SPEC REPOS:
  trunk:
    - PasswordTextField
    - Toast-Swift
    - ZIPFoundation

SPEC CHECKSUMS:
  PasswordTextField: 2548de43f150fc90a014da47b0d97e31aada4b94
  Toast-Swift: 9b6a70f28b3bf0b96c40d46c0c4b9d6639846711
  ZIPFoundation: b1f0de4eed33e74a676f76e12559ab6b75990197

PODFILE CHECKSUM: 5680c14125cf5a1fb3623e6245713e66249b3e17

COCOAPODS: 1.12.1
