// !$*UTF8*$!
{
	archiveVersion = 1;
	classes = {
	};
	objectVersion = 50;
	objects = {

/* Begin PBXBuildFile section */
		43A113B99810A76804EE486D /* Pods_TransTracksTests.framework in Frameworks */ = {isa = PBXBuildFile; fileRef = B666323FA3653DE5D3E86734 /* Pods_TransTracksTests.framework */; };
		79D1E9B69E05A2336F97A8D0 /* Pods_TransTracksUITests.framework in Frameworks */ = {isa = PBXBuildFile; fileRef = 9CDB1261A2C3CD0699A5F390 /* Pods_TransTracksUITests.framework */; };
		E5BEF87B877F573AE413054C /* Pods_TransTracks.framework in Frameworks */ = {isa = PBXBuildFile; fileRef = 11BDFBC889D2A52E1747B8E4 /* Pods_TransTracks.framework */; };
		F919D77D219186DD0069F42B /* AppDelegate.swift in Sources */ = {isa = PBXBuildFile; fileRef = F919D77C219186DD0069F42B /* AppDelegate.swift */; };
		F919D77F219186DD0069F42B /* HomeViewController.swift in Sources */ = {isa = PBXBuildFile; fileRef = F919D77E219186DD0069F42B /* HomeViewController.swift */; };
		F919D782219186DD0069F42B /* Main.storyboard in Resources */ = {isa = PBXBuildFile; fileRef = F919D780219186DD0069F42B /* Main.storyboard */; };
		F919D787219186DF0069F42B /* LaunchScreen.storyboard in Resources */ = {isa = PBXBuildFile; fileRef = F919D785219186DF0069F42B /* LaunchScreen.storyboard */; };
		F919D792219186DF0069F42B /* TransTracksTests.swift in Sources */ = {isa = PBXBuildFile; fileRef = F919D791219186DF0069F42B /* TransTracksTests.swift */; };
		F919D79D219186DF0069F42B /* TransTracksUITests.swift in Sources */ = {isa = PBXBuildFile; fileRef = F919D79C219186DF0069F42B /* TransTracksUITests.swift */; };
		F93CF0612217F2580008CC44 /* NavigationController.swift in Sources */ = {isa = PBXBuildFile; fileRef = F93CF0602217F2580008CC44 /* NavigationController.swift */; };
		F93CF0642217FD860008CC44 /* ThemeManager.swift in Sources */ = {isa = PBXBuildFile; fileRef = F93CF0632217FD860008CC44 /* ThemeManager.swift */; };
		F93CF066221801C20008CC44 /* UserDefaultsUtil.swift in Sources */ = {isa = PBXBuildFile; fileRef = F93CF065221801C20008CC44 /* UserDefaultsUtil.swift */; };
		F93CF068221805BC0008CC44 /* UIColors.swift in Sources */ = {isa = PBXBuildFile; fileRef = F93CF067221805BC0008CC44 /* UIColors.swift */; };
		F93CF06D221957FD0008CC44 /* BackgroundGradientViewController.swift in Sources */ = {isa = PBXBuildFile; fileRef = F93CF06C221957FD0008CC44 /* BackgroundGradientViewController.swift */; };
		F93CF06F221A1BDD0008CC44 /* GADBannerViews.swift in Sources */ = {isa = PBXBuildFile; fileRef = F93CF06E221A1BDD0008CC44 /* GADBannerViews.swift */; };
		F93CF071221A31EF0008CC44 /* AdContainerView.swift in Sources */ = {isa = PBXBuildFile; fileRef = F93CF070221A31EF0008CC44 /* AdContainerView.swift */; };
		F93CF073221A44420008CC44 /* GoogleService-Info.plist in Resources */ = {isa = PBXBuildFile; fileRef = F93CF072221A44420008CC44 /* GoogleService-Info.plist */; };
		F97AA2F325E900E90015C3CC /* config.plist in Resources */ = {isa = PBXBuildFile; fileRef = F97AA2F225E900E90015C3CC /* config.plist */; };
		F9868C862207B94B00237C14 /* Assets.xcassets in Resources */ = {isa = PBXBuildFile; fileRef = F9868C852207B94B00237C14 /* Assets.xcassets */; };
/* End PBXBuildFile section */

/* Begin PBXContainerItemProxy section */
		F919D78E219186DF0069F42B /* PBXContainerItemProxy */ = {
			isa = PBXContainerItemProxy;
			containerPortal = F919D771219186DD0069F42B /* Project object */;
			proxyType = 1;
			remoteGlobalIDString = F919D778219186DD0069F42B;
			remoteInfo = TransTracks;
		};
		F919D799219186DF0069F42B /* PBXContainerItemProxy */ = {
			isa = PBXContainerItemProxy;
			containerPortal = F919D771219186DD0069F42B /* Project object */;
			proxyType = 1;
			remoteGlobalIDString = F919D778219186DD0069F42B;
			remoteInfo = TransTracks;
		};
/* End PBXContainerItemProxy section */

/* Begin PBXFileReference section */
		11BDFBC889D2A52E1747B8E4 /* Pods_TransTracks.framework */ = {isa = PBXFileReference; explicitFileType = wrapper.framework; includeInIndex = 0; path = Pods_TransTracks.framework; sourceTree = BUILT_PRODUCTS_DIR; };
		1DA809AC71E468F473C50263 /* Pods-TransTracksTests.debug.xcconfig */ = {isa = PBXFileReference; includeInIndex = 1; lastKnownFileType = text.xcconfig; name = "Pods-TransTracksTests.debug.xcconfig"; path = "Pods/Target Support Files/Pods-TransTracksTests/Pods-TransTracksTests.debug.xcconfig"; sourceTree = "<group>"; };
		231C54A32960F23DF519B785 /* Pods-TransTracks.debug.xcconfig */ = {isa = PBXFileReference; includeInIndex = 1; lastKnownFileType = text.xcconfig; name = "Pods-TransTracks.debug.xcconfig"; path = "Pods/Target Support Files/Pods-TransTracks/Pods-TransTracks.debug.xcconfig"; sourceTree = "<group>"; };
		6C25B5478A645DB63EFA77E3 /* Pods-TransTracksUITests.debug.xcconfig */ = {isa = PBXFileReference; includeInIndex = 1; lastKnownFileType = text.xcconfig; name = "Pods-TransTracksUITests.debug.xcconfig"; path = "Pods/Target Support Files/Pods-TransTracksUITests/Pods-TransTracksUITests.debug.xcconfig"; sourceTree = "<group>"; };
		7C239FFF4F0192863FBFB945 /* Pods-TransTracksUITests.release.xcconfig */ = {isa = PBXFileReference; includeInIndex = 1; lastKnownFileType = text.xcconfig; name = "Pods-TransTracksUITests.release.xcconfig"; path = "Pods/Target Support Files/Pods-TransTracksUITests/Pods-TransTracksUITests.release.xcconfig"; sourceTree = "<group>"; };
		9CA426AE8DCFD7079FB07986 /* Pods-TransTracks.release.xcconfig */ = {isa = PBXFileReference; includeInIndex = 1; lastKnownFileType = text.xcconfig; name = "Pods-TransTracks.release.xcconfig"; path = "Pods/Target Support Files/Pods-TransTracks/Pods-TransTracks.release.xcconfig"; sourceTree = "<group>"; };
		9CDB1261A2C3CD0699A5F390 /* Pods_TransTracksUITests.framework */ = {isa = PBXFileReference; explicitFileType = wrapper.framework; includeInIndex = 0; path = Pods_TransTracksUITests.framework; sourceTree = BUILT_PRODUCTS_DIR; };
		B666323FA3653DE5D3E86734 /* Pods_TransTracksTests.framework */ = {isa = PBXFileReference; explicitFileType = wrapper.framework; includeInIndex = 0; path = Pods_TransTracksTests.framework; sourceTree = BUILT_PRODUCTS_DIR; };
		F919D779219186DD0069F42B /* TransTracks.app */ = {isa = PBXFileReference; explicitFileType = wrapper.application; includeInIndex = 0; path = TransTracks.app; sourceTree = BUILT_PRODUCTS_DIR; };
		F919D77C219186DD0069F42B /* AppDelegate.swift */ = {isa = PBXFileReference; lastKnownFileType = sourcecode.swift; path = AppDelegate.swift; sourceTree = "<group>"; };
		F919D77E219186DD0069F42B /* HomeViewController.swift */ = {isa = PBXFileReference; lastKnownFileType = sourcecode.swift; path = HomeViewController.swift; sourceTree = "<group>"; };
		F919D781219186DD0069F42B /* Base */ = {isa = PBXFileReference; lastKnownFileType = file.storyboard; name = Base; path = Base.lproj/Main.storyboard; sourceTree = "<group>"; };
		F919D786219186DF0069F42B /* Base */ = {isa = PBXFileReference; lastKnownFileType = file.storyboard; name = Base; path = Base.lproj/LaunchScreen.storyboard; sourceTree = "<group>"; };
		F919D788219186DF0069F42B /* Info.plist */ = {isa = PBXFileReference; lastKnownFileType = text.plist.xml; path = Info.plist; sourceTree = "<group>"; };
		F919D78D219186DF0069F42B /* TransTracksTests.xctest */ = {isa = PBXFileReference; explicitFileType = wrapper.cfbundle; includeInIndex = 0; path = TransTracksTests.xctest; sourceTree = BUILT_PRODUCTS_DIR; };
		F919D791219186DF0069F42B /* TransTracksTests.swift */ = {isa = PBXFileReference; lastKnownFileType = sourcecode.swift; path = TransTracksTests.swift; sourceTree = "<group>"; };
		F919D793219186DF0069F42B /* Info.plist */ = {isa = PBXFileReference; lastKnownFileType = text.plist.xml; path = Info.plist; sourceTree = "<group>"; };
		F919D798219186DF0069F42B /* TransTracksUITests.xctest */ = {isa = PBXFileReference; explicitFileType = wrapper.cfbundle; includeInIndex = 0; path = TransTracksUITests.xctest; sourceTree = BUILT_PRODUCTS_DIR; };
		F919D79C219186DF0069F42B /* TransTracksUITests.swift */ = {isa = PBXFileReference; lastKnownFileType = sourcecode.swift; path = TransTracksUITests.swift; sourceTree = "<group>"; };
		F919D79E219186DF0069F42B /* Info.plist */ = {isa = PBXFileReference; lastKnownFileType = text.plist.xml; path = Info.plist; sourceTree = "<group>"; };
		F93CF0602217F2580008CC44 /* NavigationController.swift */ = {isa = PBXFileReference; lastKnownFileType = sourcecode.swift; path = NavigationController.swift; sourceTree = "<group>"; };
		F93CF0632217FD860008CC44 /* ThemeManager.swift */ = {isa = PBXFileReference; lastKnownFileType = sourcecode.swift; path = ThemeManager.swift; sourceTree = "<group>"; };
		F93CF065221801C20008CC44 /* UserDefaultsUtil.swift */ = {isa = PBXFileReference; lastKnownFileType = sourcecode.swift; path = UserDefaultsUtil.swift; sourceTree = "<group>"; };
		F93CF067221805BC0008CC44 /* UIColors.swift */ = {isa = PBXFileReference; lastKnownFileType = sourcecode.swift; path = UIColors.swift; sourceTree = "<group>"; };
		F93CF06C221957FD0008CC44 /* BackgroundGradientViewController.swift */ = {isa = PBXFileReference; lastKnownFileType = sourcecode.swift; path = BackgroundGradientViewController.swift; sourceTree = "<group>"; };
		F93CF06E221A1BDD0008CC44 /* GADBannerViews.swift */ = {isa = PBXFileReference; lastKnownFileType = sourcecode.swift; path = GADBannerViews.swift; sourceTree = "<group>"; };
		F93CF070221A31EF0008CC44 /* AdContainerView.swift */ = {isa = PBXFileReference; lastKnownFileType = sourcecode.swift; path = AdContainerView.swift; sourceTree = "<group>"; };
		F93CF072221A44420008CC44 /* GoogleService-Info.plist */ = {isa = PBXFileReference; fileEncoding = 4; lastKnownFileType = text.plist.xml; path = "GoogleService-Info.plist"; sourceTree = "<group>"; };
		F97AA2F225E900E90015C3CC /* config.plist */ = {isa = PBXFileReference; lastKnownFileType = text.plist.xml; path = config.plist; sourceTree = "<group>"; };
		F9868C852207B94B00237C14 /* Assets.xcassets */ = {isa = PBXFileReference; lastKnownFileType = folder.assetcatalog; path = Assets.xcassets; sourceTree = "<group>"; };
		FE297B424E2A06ADA14BF95D /* Pods-TransTracksTests.release.xcconfig */ = {isa = PBXFileReference; includeInIndex = 1; lastKnownFileType = text.xcconfig; name = "Pods-TransTracksTests.release.xcconfig"; path = "Pods/Target Support Files/Pods-TransTracksTests/Pods-TransTracksTests.release.xcconfig"; sourceTree = "<group>"; };
/* End PBXFileReference section */

/* Begin PBXFrameworksBuildPhase section */
		F919D776219186DD0069F42B /* Frameworks */ = {
			isa = PBXFrameworksBuildPhase;
			buildActionMask = 2147483647;
			files = (
				E5BEF87B877F573AE413054C /* Pods_TransTracks.framework in Frameworks */,
			);
			runOnlyForDeploymentPostprocessing = 0;
		};
		F919D78A219186DF0069F42B /* Frameworks */ = {
			isa = PBXFrameworksBuildPhase;
			buildActionMask = 2147483647;
			files = (
				43A113B99810A76804EE486D /* Pods_TransTracksTests.framework in Frameworks */,
			);
			runOnlyForDeploymentPostprocessing = 0;
		};
		F919D795219186DF0069F42B /* Frameworks */ = {
			isa = PBXFrameworksBuildPhase;
			buildActionMask = 2147483647;
			files = (
				79D1E9B69E05A2336F97A8D0 /* Pods_TransTracksUITests.framework in Frameworks */,
			);
			runOnlyForDeploymentPostprocessing = 0;
		};
/* End PBXFrameworksBuildPhase section */

/* Begin PBXGroup section */
		08E661EAAB70FAC54179A444 /* Frameworks */ = {
			isa = PBXGroup;
			children = (
				11BDFBC889D2A52E1747B8E4 /* Pods_TransTracks.framework */,
				B666323FA3653DE5D3E86734 /* Pods_TransTracksTests.framework */,
				9CDB1261A2C3CD0699A5F390 /* Pods_TransTracksUITests.framework */,
			);
			name = Frameworks;
			sourceTree = "<group>";
		};
		D066CAFFF62315E1A7750243 /* Pods */ = {
			isa = PBXGroup;
			children = (
				231C54A32960F23DF519B785 /* Pods-TransTracks.debug.xcconfig */,
				9CA426AE8DCFD7079FB07986 /* Pods-TransTracks.release.xcconfig */,
				1DA809AC71E468F473C50263 /* Pods-TransTracksTests.debug.xcconfig */,
				FE297B424E2A06ADA14BF95D /* Pods-TransTracksTests.release.xcconfig */,
				6C25B5478A645DB63EFA77E3 /* Pods-TransTracksUITests.debug.xcconfig */,
				7C239FFF4F0192863FBFB945 /* Pods-TransTracksUITests.release.xcconfig */,
			);
			name = Pods;
			sourceTree = "<group>";
		};
		F919D770219186DD0069F42B = {
			isa = PBXGroup;
			children = (
				F919D77B219186DD0069F42B /* TransTracks */,
				F919D790219186DF0069F42B /* TransTracksTests */,
				F919D79B219186DF0069F42B /* TransTracksUITests */,
				F919D77A219186DD0069F42B /* Products */,
				D066CAFFF62315E1A7750243 /* Pods */,
				08E661EAAB70FAC54179A444 /* Frameworks */,
			);
			sourceTree = "<group>";
		};
		F919D77A219186DD0069F42B /* Products */ = {
			isa = PBXGroup;
			children = (
				F919D779219186DD0069F42B /* TransTracks.app */,
				F919D78D219186DF0069F42B /* TransTracksTests.xctest */,
				F919D798219186DF0069F42B /* TransTracksUITests.xctest */,
			);
			name = Products;
			sourceTree = "<group>";
		};
		F919D77B219186DD0069F42B /* TransTracks */ = {
			isa = PBXGroup;
			children = (
				F919D77C219186DD0069F42B /* AppDelegate.swift */,
				F9868C852207B94B00237C14 /* Assets.xcassets */,
				F93CF072221A44420008CC44 /* GoogleService-Info.plist */,
				F919D788219186DF0069F42B /* Info.plist */,
				F97AA2F225E900E90015C3CC /* config.plist */,
				F919D785219186DF0069F42B /* LaunchScreen.storyboard */,
				F93CF06B221957AC0008CC44 /* UI */,
				F93CF0622217FD2E0008CC44 /* Util */,
			);
			path = TransTracks;
			sourceTree = "<group>";
		};
		F919D790219186DF0069F42B /* TransTracksTests */ = {
			isa = PBXGroup;
			children = (
				F919D791219186DF0069F42B /* TransTracksTests.swift */,
				F919D793219186DF0069F42B /* Info.plist */,
			);
			path = TransTracksTests;
			sourceTree = "<group>";
		};
		F919D79B219186DF0069F42B /* TransTracksUITests */ = {
			isa = PBXGroup;
			children = (
				F919D79C219186DF0069F42B /* TransTracksUITests.swift */,
				F919D79E219186DF0069F42B /* Info.plist */,
			);
			path = TransTracksUITests;
			sourceTree = "<group>";
		};
		F93CF0622217FD2E0008CC44 /* Util */ = {
			isa = PBXGroup;
			children = (
				F93CF0632217FD860008CC44 /* ThemeManager.swift */,
				F93CF067221805BC0008CC44 /* UIColors.swift */,
				F93CF065221801C20008CC44 /* UserDefaultsUtil.swift */,
				F93CF06E221A1BDD0008CC44 /* GADBannerViews.swift */,
			);
			path = Util;
			sourceTree = "<group>";
		};
		F93CF06B221957AC0008CC44 /* UI */ = {
			isa = PBXGroup;
			children = (
				F93CF070221A31EF0008CC44 /* AdContainerView.swift */,
				F93CF06C221957FD0008CC44 /* BackgroundGradientViewController.swift */,
				F919D77E219186DD0069F42B /* HomeViewController.swift */,
				F919D780219186DD0069F42B /* Main.storyboard */,
				F93CF0602217F2580008CC44 /* NavigationController.swift */,
			);
			path = UI;
			sourceTree = "<group>";
		};
/* End PBXGroup section */

/* Begin PBXNativeTarget section */
		F919D778219186DD0069F42B /* TransTracks */ = {
			isa = PBXNativeTarget;
			buildConfigurationList = F919D7A1219186DF0069F42B /* Build configuration list for PBXNativeTarget "TransTracks" */;
			buildPhases = (
				3983AB3304C200D2BB0095E4 /* [CP] Check Pods Manifest.lock */,
				F919D775219186DD0069F42B /* Sources */,
				F919D776219186DD0069F42B /* Frameworks */,
				F919D777219186DD0069F42B /* Resources */,
				5D41AAEB36C12E4364318CFB /* [CP] Embed Pods Frameworks */,
				F93CF05D2217D8810008CC44 /* ShellScript */,
			);
			buildRules = (
			);
			dependencies = (
			);
			name = TransTracks;
			productName = TransTracks;
			productReference = F919D779219186DD0069F42B /* TransTracks.app */;
			productType = "com.apple.product-type.application";
		};
		F919D78C219186DF0069F42B /* TransTracksTests */ = {
			isa = PBXNativeTarget;
			buildConfigurationList = F919D7A4219186DF0069F42B /* Build configuration list for PBXNativeTarget "TransTracksTests" */;
			buildPhases = (
				1548D279E5E154D9059365E1 /* [CP] Check Pods Manifest.lock */,
				F919D789219186DF0069F42B /* Sources */,
				F919D78A219186DF0069F42B /* Frameworks */,
				F919D78B219186DF0069F42B /* Resources */,
			);
			buildRules = (
			);
			dependencies = (
				F919D78F219186DF0069F42B /* PBXTargetDependency */,
			);
			name = TransTracksTests;
			productName = TransTracksTests;
			productReference = F919D78D219186DF0069F42B /* TransTracksTests.xctest */;
			productType = "com.apple.product-type.bundle.unit-test";
		};
		F919D797219186DF0069F42B /* TransTracksUITests */ = {
			isa = PBXNativeTarget;
			buildConfigurationList = F919D7A7219186DF0069F42B /* Build configuration list for PBXNativeTarget "TransTracksUITests" */;
			buildPhases = (
				BCC19A5F3CFA02C8A87F35EB /* [CP] Check Pods Manifest.lock */,
				F919D794219186DF0069F42B /* Sources */,
				F919D795219186DF0069F42B /* Frameworks */,
				F919D796219186DF0069F42B /* Resources */,
			);
			buildRules = (
			);
			dependencies = (
				F919D79A219186DF0069F42B /* PBXTargetDependency */,
			);
			name = TransTracksUITests;
			productName = TransTracksUITests;
			productReference = F919D798219186DF0069F42B /* TransTracksUITests.xctest */;
			productType = "com.apple.product-type.bundle.ui-testing";
		};
/* End PBXNativeTarget section */

/* Begin PBXProject section */
		F919D771219186DD0069F42B /* Project object */ = {
			isa = PBXProject;
			attributes = {
				LastSwiftUpdateCheck = 1010;
				LastUpgradeCheck = 1010;
				ORGANIZATIONNAME = "Dr Boo";
				TargetAttributes = {
					F919D778219186DD0069F42B = {
						CreatedOnToolsVersion = 10.1;
					};
					F919D78C219186DF0069F42B = {
						CreatedOnToolsVersion = 10.1;
						TestTargetID = F919D778219186DD0069F42B;
					};
					F919D797219186DF0069F42B = {
						CreatedOnToolsVersion = 10.1;
						TestTargetID = F919D778219186DD0069F42B;
					};
				};
			};
			buildConfigurationList = F919D774219186DD0069F42B /* Build configuration list for PBXProject "TransTracks" */;
			compatibilityVersion = "Xcode 9.3";
			developmentRegion = en;
			hasScannedForEncodings = 0;
			knownRegions = (
				en,
				Base,
			);
			mainGroup = F919D770219186DD0069F42B;
			productRefGroup = F919D77A219186DD0069F42B /* Products */;
			projectDirPath = "";
			projectRoot = "";
			targets = (
				F919D778219186DD0069F42B /* TransTracks */,
				F919D78C219186DF0069F42B /* TransTracksTests */,
				F919D797219186DF0069F42B /* TransTracksUITests */,
			);
		};
/* End PBXProject section */

/* Begin PBXResourcesBuildPhase section */
		F919D777219186DD0069F42B /* Resources */ = {
			isa = PBXResourcesBuildPhase;
			buildActionMask = 2147483647;
			files = (
				F919D787219186DF0069F42B /* LaunchScreen.storyboard in Resources */,
				F93CF073221A44420008CC44 /* GoogleService-Info.plist in Resources */,
				F9868C862207B94B00237C14 /* Assets.xcassets in Resources */,
				F919D782219186DD0069F42B /* Main.storyboard in Resources */,
				F97AA2F325E900E90015C3CC /* config.plist in Resources */,
			);
			runOnlyForDeploymentPostprocessing = 0;
		};
		F919D78B219186DF0069F42B /* Resources */ = {
			isa = PBXResourcesBuildPhase;
			buildActionMask = 2147483647;
			files = (
			);
			runOnlyForDeploymentPostprocessing = 0;
		};
		F919D796219186DF0069F42B /* Resources */ = {
			isa = PBXResourcesBuildPhase;
			buildActionMask = 2147483647;
			files = (
			);
			runOnlyForDeploymentPostprocessing = 0;
		};
/* End PBXResourcesBuildPhase section */

/* Begin PBXShellScriptBuildPhase section */
		1548D279E5E154D9059365E1 /* [CP] Check Pods Manifest.lock */ = {
			isa = PBXShellScriptBuildPhase;
			buildActionMask = 2147483647;
			files = (
			);
			inputPaths = (
				"${PODS_PODFILE_DIR_PATH}/Podfile.lock",
				"${PODS_ROOT}/Manifest.lock",
			);
			name = "[CP] Check Pods Manifest.lock";
			outputPaths = (
				"$(DERIVED_FILE_DIR)/Pods-TransTracksTests-checkManifestLockResult.txt",
			);
			runOnlyForDeploymentPostprocessing = 0;
			shellPath = /bin/sh;
			shellScript = "diff \"${PODS_PODFILE_DIR_PATH}/Podfile.lock\" \"${PODS_ROOT}/Manifest.lock\" > /dev/null\nif [ $? != 0 ] ; then\n    # print error to STDERR\n    echo \"error: The sandbox is not in sync with the Podfile.lock. Run 'pod install' or update your CocoaPods installation.\" >&2\n    exit 1\nfi\n# This output is used by Xcode 'outputs' to avoid re-running this script phase.\necho \"SUCCESS\" > \"${SCRIPT_OUTPUT_FILE_0}\"\n";
			showEnvVarsInLog = 0;
		};
		3983AB3304C200D2BB0095E4 /* [CP] Check Pods Manifest.lock */ = {
			isa = PBXShellScriptBuildPhase;
			buildActionMask = 2147483647;
			files = (
			);
			inputPaths = (
				"${PODS_PODFILE_DIR_PATH}/Podfile.lock",
				"${PODS_ROOT}/Manifest.lock",
			);
			name = "[CP] Check Pods Manifest.lock";
			outputPaths = (
				"$(DERIVED_FILE_DIR)/Pods-TransTracks-checkManifestLockResult.txt",
			);
			runOnlyForDeploymentPostprocessing = 0;
			shellPath = /bin/sh;
			shellScript = "diff \"${PODS_PODFILE_DIR_PATH}/Podfile.lock\" \"${PODS_ROOT}/Manifest.lock\" > /dev/null\nif [ $? != 0 ] ; then\n    # print error to STDERR\n    echo \"error: The sandbox is not in sync with the Podfile.lock. Run 'pod install' or update your CocoaPods installation.\" >&2\n    exit 1\nfi\n# This output is used by Xcode 'outputs' to avoid re-running this script phase.\necho \"SUCCESS\" > \"${SCRIPT_OUTPUT_FILE_0}\"\n";
			showEnvVarsInLog = 0;
		};
		5D41AAEB36C12E4364318CFB /* [CP] Embed Pods Frameworks */ = {
			isa = PBXShellScriptBuildPhase;
			buildActionMask = 2147483647;
			files = (
			);
			inputPaths = (
				"${PODS_ROOT}/Target Support Files/Pods-TransTracks/Pods-TransTracks-frameworks.sh",
				"${BUILT_PRODUCTS_DIR}/GoogleUtilities/GoogleUtilities.framework",
				"${BUILT_PRODUCTS_DIR}/PasswordTextField/PasswordTextField.framework",
				"${BUILT_PRODUCTS_DIR}/nanopb/nanopb.framework",
			);
			name = "[CP] Embed Pods Frameworks";
			outputPaths = (
				"${TARGET_BUILD_DIR}/${FRAMEWORKS_FOLDER_PATH}/GoogleUtilities.framework",
				"${TARGET_BUILD_DIR}/${FRAMEWORKS_FOLDER_PATH}/PasswordTextField.framework",
				"${TARGET_BUILD_DIR}/${FRAMEWORKS_FOLDER_PATH}/nanopb.framework",
			);
			runOnlyForDeploymentPostprocessing = 0;
			shellPath = /bin/sh;
			shellScript = "\"${PODS_ROOT}/Target Support Files/Pods-TransTracks/Pods-TransTracks-frameworks.sh\"\n";
			showEnvVarsInLog = 0;
		};
		BCC19A5F3CFA02C8A87F35EB /* [CP] Check Pods Manifest.lock */ = {
			isa = PBXShellScriptBuildPhase;
			buildActionMask = 2147483647;
			files = (
			);
			inputPaths = (
				"${PODS_PODFILE_DIR_PATH}/Podfile.lock",
				"${PODS_ROOT}/Manifest.lock",
			);
			name = "[CP] Check Pods Manifest.lock";
			outputPaths = (
				"$(DERIVED_FILE_DIR)/Pods-TransTracksUITests-checkManifestLockResult.txt",
			);
			runOnlyForDeploymentPostprocessing = 0;
			shellPath = /bin/sh;
			shellScript = "diff \"${PODS_PODFILE_DIR_PATH}/Podfile.lock\" \"${PODS_ROOT}/Manifest.lock\" > /dev/null\nif [ $? != 0 ] ; then\n    # print error to STDERR\n    echo \"error: The sandbox is not in sync with the Podfile.lock. Run 'pod install' or update your CocoaPods installation.\" >&2\n    exit 1\nfi\n# This output is used by Xcode 'outputs' to avoid re-running this script phase.\necho \"SUCCESS\" > \"${SCRIPT_OUTPUT_FILE_0}\"\n";
			showEnvVarsInLog = 0;
		};
		F93CF05D2217D8810008CC44 /* ShellScript */ = {
			isa = PBXShellScriptBuildPhase;
			buildActionMask = 2147483647;
			files = (
			);
			inputFileListPaths = (
			);
			inputPaths = (
				"$(BUILT_PRODUCTS_DIR)/$(INFOPLIST_PATH)",
			);
			outputFileListPaths = (
			);
			outputPaths = (
			);
			runOnlyForDeploymentPostprocessing = 0;
			shellPath = /bin/sh;
			shellScript = "\"${PODS_ROOT}/Fabric/run\"\n";
		};
/* End PBXShellScriptBuildPhase section */

/* Begin PBXSourcesBuildPhase section */
		F919D775219186DD0069F42B /* Sources */ = {
			isa = PBXSourcesBuildPhase;
			buildActionMask = 2147483647;
			files = (
				F919D77F219186DD0069F42B /* HomeViewController.swift in Sources */,
				F919D77D219186DD0069F42B /* AppDelegate.swift in Sources */,
				F93CF066221801C20008CC44 /* UserDefaultsUtil.swift in Sources */,
				F93CF0612217F2580008CC44 /* NavigationController.swift in Sources */,
				F93CF06D221957FD0008CC44 /* BackgroundGradientViewController.swift in Sources */,
				F93CF0642217FD860008CC44 /* ThemeManager.swift in Sources */,
				F93CF071221A31EF0008CC44 /* AdContainerView.swift in Sources */,
				F93CF068221805BC0008CC44 /* UIColors.swift in Sources */,
				F93CF06F221A1BDD0008CC44 /* GADBannerViews.swift in Sources */,
			);
			runOnlyForDeploymentPostprocessing = 0;
		};
		F919D789219186DF0069F42B /* Sources */ = {
			isa = PBXSourcesBuildPhase;
			buildActionMask = 2147483647;
			files = (
				F919D792219186DF0069F42B /* TransTracksTests.swift in Sources */,
			);
			runOnlyForDeploymentPostprocessing = 0;
		};
		F919D794219186DF0069F42B /* Sources */ = {
			isa = PBXSourcesBuildPhase;
			buildActionMask = 2147483647;
			files = (
				F919D79D219186DF0069F42B /* TransTracksUITests.swift in Sources */,
			);
			runOnlyForDeploymentPostprocessing = 0;
		};
/* End PBXSourcesBuildPhase section */

/* Begin PBXTargetDependency section */
		F919D78F219186DF0069F42B /* PBXTargetDependency */ = {
			isa = PBXTargetDependency;
			target = F919D778219186DD0069F42B /* TransTracks */;
			targetProxy = F919D78E219186DF0069F42B /* PBXContainerItemProxy */;
		};
		F919D79A219186DF0069F42B /* PBXTargetDependency */ = {
			isa = PBXTargetDependency;
			target = F919D778219186DD0069F42B /* TransTracks */;
			targetProxy = F919D799219186DF0069F42B /* PBXContainerItemProxy */;
		};
/* End PBXTargetDependency section */

/* Begin PBXVariantGroup section */
		F919D780219186DD0069F42B /* Main.storyboard */ = {
			isa = PBXVariantGroup;
			children = (
				F919D781219186DD0069F42B /* Base */,
			);
			name = Main.storyboard;
			sourceTree = "<group>";
		};
		F919D785219186DF0069F42B /* LaunchScreen.storyboard */ = {
			isa = PBXVariantGroup;
			children = (
				F919D786219186DF0069F42B /* Base */,
			);
			name = LaunchScreen.storyboard;
			sourceTree = "<group>";
		};
/* End PBXVariantGroup section */

/* Begin XCBuildConfiguration section */
		F919D79F219186DF0069F42B /* Debug */ = {
			isa = XCBuildConfiguration;
			buildSettings = {
				ALWAYS_SEARCH_USER_PATHS = NO;
				CLANG_ANALYZER_NONNULL = YES;
				CLANG_ANALYZER_NUMBER_OBJECT_CONVERSION = YES_AGGRESSIVE;
				CLANG_CXX_LANGUAGE_STANDARD = "gnu++14";
				CLANG_CXX_LIBRARY = "libc++";
				CLANG_ENABLE_MODULES = YES;
				CLANG_ENABLE_OBJC_ARC = YES;
				CLANG_ENABLE_OBJC_WEAK = YES;
				CLANG_WARN_BLOCK_CAPTURE_AUTORELEASING = YES;
				CLANG_WARN_BOOL_CONVERSION = YES;
				CLANG_WARN_COMMA = YES;
				CLANG_WARN_CONSTANT_CONVERSION = YES;
				CLANG_WARN_DEPRECATED_OBJC_IMPLEMENTATIONS = YES;
				CLANG_WARN_DIRECT_OBJC_ISA_USAGE = YES_ERROR;
				CLANG_WARN_DOCUMENTATION_COMMENTS = YES;
				CLANG_WARN_EMPTY_BODY = YES;
				CLANG_WARN_ENUM_CONVERSION = YES;
				CLANG_WARN_INFINITE_RECURSION = YES;
				CLANG_WARN_INT_CONVERSION = YES;
				CLANG_WARN_NON_LITERAL_NULL_CONVERSION = YES;
				CLANG_WARN_OBJC_IMPLICIT_RETAIN_SELF = YES;
				CLANG_WARN_OBJC_LITERAL_CONVERSION = YES;
				CLANG_WARN_OBJC_ROOT_CLASS = YES_ERROR;
				CLANG_WARN_RANGE_LOOP_ANALYSIS = YES;
				CLANG_WARN_STRICT_PROTOTYPES = YES;
				CLANG_WARN_SUSPICIOUS_MOVE = YES;
				CLANG_WARN_UNGUARDED_AVAILABILITY = YES_AGGRESSIVE;
				CLANG_WARN_UNREACHABLE_CODE = YES;
				CLANG_WARN__DUPLICATE_METHOD_MATCH = YES;
				CODE_SIGN_IDENTITY = "iPhone Developer";
				COPY_PHASE_STRIP = NO;
				DEBUG_INFORMATION_FORMAT = dwarf;
				ENABLE_STRICT_OBJC_MSGSEND = YES;
				ENABLE_TESTABILITY = YES;
				GCC_C_LANGUAGE_STANDARD = gnu11;
				GCC_DYNAMIC_NO_PIC = NO;
				GCC_NO_COMMON_BLOCKS = YES;
				GCC_OPTIMIZATION_LEVEL = 0;
				GCC_PREPROCESSOR_DEFINITIONS = (
					"DEBUG=1",
					"$(inherited)",
				);
				GCC_WARN_64_TO_32_BIT_CONVERSION = YES;
				GCC_WARN_ABOUT_RETURN_TYPE = YES_ERROR;
				GCC_WARN_UNDECLARED_SELECTOR = YES;
				GCC_WARN_UNINITIALIZED_AUTOS = YES_AGGRESSIVE;
				GCC_WARN_UNUSED_FUNCTION = YES;
				GCC_WARN_UNUSED_VARIABLE = YES;
				IPHONEOS_DEPLOYMENT_TARGET = 12.1;
				MTL_ENABLE_DEBUG_INFO = INCLUDE_SOURCE;
				MTL_FAST_MATH = YES;
				ONLY_ACTIVE_ARCH = YES;
				SDKROOT = iphoneos;
				SWIFT_ACTIVE_COMPILATION_CONDITIONS = DEBUG;
				SWIFT_OPTIMIZATION_LEVEL = "-Onone";
			};
			name = Debug;
		};
		F919D7A0219186DF0069F42B /* Release */ = {
			isa = XCBuildConfiguration;
			buildSettings = {
				ALWAYS_SEARCH_USER_PATHS = NO;
				CLANG_ANALYZER_NONNULL = YES;
				CLANG_ANALYZER_NUMBER_OBJECT_CONVERSION = YES_AGGRESSIVE;
				CLANG_CXX_LANGUAGE_STANDARD = "gnu++14";
				CLANG_CXX_LIBRARY = "libc++";
				CLANG_ENABLE_MODULES = YES;
				CLANG_ENABLE_OBJC_ARC = YES;
				CLANG_ENABLE_OBJC_WEAK = YES;
				CLANG_WARN_BLOCK_CAPTURE_AUTORELEASING = YES;
				CLANG_WARN_BOOL_CONVERSION = YES;
				CLANG_WARN_COMMA = YES;
				CLANG_WARN_CONSTANT_CONVERSION = YES;
				CLANG_WARN_DEPRECATED_OBJC_IMPLEMENTATIONS = YES;
				CLANG_WARN_DIRECT_OBJC_ISA_USAGE = YES_ERROR;
				CLANG_WARN_DOCUMENTATION_COMMENTS = YES;
				CLANG_WARN_EMPTY_BODY = YES;
				CLANG_WARN_ENUM_CONVERSION = YES;
				CLANG_WARN_INFINITE_RECURSION = YES;
				CLANG_WARN_INT_CONVERSION = YES;
				CLANG_WARN_NON_LITERAL_NULL_CONVERSION = YES;
				CLANG_WARN_OBJC_IMPLICIT_RETAIN_SELF = YES;
				CLANG_WARN_OBJC_LITERAL_CONVERSION = YES;
				CLANG_WARN_OBJC_ROOT_CLASS = YES_ERROR;
				CLANG_WARN_RANGE_LOOP_ANALYSIS = YES;
				CLANG_WARN_STRICT_PROTOTYPES = YES;
				CLANG_WARN_SUSPICIOUS_MOVE = YES;
				CLANG_WARN_UNGUARDED_AVAILABILITY = YES_AGGRESSIVE;
				CLANG_WARN_UNREACHABLE_CODE = YES;
				CLANG_WARN__DUPLICATE_METHOD_MATCH = YES;
				CODE_SIGN_IDENTITY = "iPhone Developer";
				COPY_PHASE_STRIP = NO;
				DEBUG_INFORMATION_FORMAT = "dwarf-with-dsym";
				ENABLE_NS_ASSERTIONS = NO;
				ENABLE_STRICT_OBJC_MSGSEND = YES;
				GCC_C_LANGUAGE_STANDARD = gnu11;
				GCC_NO_COMMON_BLOCKS = YES;
				GCC_WARN_64_TO_32_BIT_CONVERSION = YES;
				GCC_WARN_ABOUT_RETURN_TYPE = YES_ERROR;
				GCC_WARN_UNDECLARED_SELECTOR = YES;
				GCC_WARN_UNINITIALIZED_AUTOS = YES_AGGRESSIVE;
				GCC_WARN_UNUSED_FUNCTION = YES;
				GCC_WARN_UNUSED_VARIABLE = YES;
				IPHONEOS_DEPLOYMENT_TARGET = 12.1;
				MTL_ENABLE_DEBUG_INFO = NO;
				MTL_FAST_MATH = YES;
				SDKROOT = iphoneos;
				SWIFT_COMPILATION_MODE = wholemodule;
				SWIFT_OPTIMIZATION_LEVEL = "-O";
				VALIDATE_PRODUCT = YES;
			};
			name = Release;
		};
		F919D7A2219186DF0069F42B /* Debug */ = {
			isa = XCBuildConfiguration;
			baseConfigurationReference = 231C54A32960F23DF519B785 /* Pods-TransTracks.debug.xcconfig */;
			buildSettings = {
				ASSETCATALOG_COMPILER_APPICON_NAME = AppIcon;
				CODE_SIGN_STYLE = Automatic;
				DEVELOPMENT_TEAM = SLWWTU9N3Q;
				INFOPLIST_FILE = TransTracks/Info.plist;
				LD_RUNPATH_SEARCH_PATHS = (
					"$(inherited)",
					"@executable_path/Frameworks",
				);
				PRODUCT_BUNDLE_IDENTIFIER = com.drspaceboo.TransTracks;
				PRODUCT_NAME = "$(TARGET_NAME)";
				SWIFT_VERSION = 4.2;
				TARGETED_DEVICE_FAMILY = "1,2";
			};
			name = Debug;
		};
		F919D7A3219186DF0069F42B /* Release */ = {
			isa = XCBuildConfiguration;
			baseConfigurationReference = 9CA426AE8DCFD7079FB07986 /* Pods-TransTracks.release.xcconfig */;
			buildSettings = {
				ASSETCATALOG_COMPILER_APPICON_NAME = AppIcon;
				CODE_SIGN_STYLE = Automatic;
				DEVELOPMENT_TEAM = SLWWTU9N3Q;
				INFOPLIST_FILE = TransTracks/Info.plist;
				LD_RUNPATH_SEARCH_PATHS = (
					"$(inherited)",
					"@executable_path/Frameworks",
				);
				PRODUCT_BUNDLE_IDENTIFIER = com.drspaceboo.TransTracks;
				PRODUCT_NAME = "$(TARGET_NAME)";
				SWIFT_VERSION = 4.2;
				TARGETED_DEVICE_FAMILY = "1,2";
			};
			name = Release;
		};
		F919D7A5219186DF0069F42B /* Debug */ = {
			isa = XCBuildConfiguration;
			baseConfigurationReference = 1DA809AC71E468F473C50263 /* Pods-TransTracksTests.debug.xcconfig */;
			buildSettings = {
				ALWAYS_EMBED_SWIFT_STANDARD_LIBRARIES = YES;
				BUNDLE_LOADER = "$(TEST_HOST)";
				CODE_SIGN_STYLE = Automatic;
				DEVELOPMENT_TEAM = SLWWTU9N3Q;
				INFOPLIST_FILE = TransTracksTests/Info.plist;
				LD_RUNPATH_SEARCH_PATHS = (
					"$(inherited)",
					"@executable_path/Frameworks",
					"@loader_path/Frameworks",
				);
				PRODUCT_BUNDLE_IDENTIFIER = com.drspaceboo.TransTracksTests;
				PRODUCT_NAME = "$(TARGET_NAME)";
				SWIFT_VERSION = 4.2;
				TARGETED_DEVICE_FAMILY = "1,2";
				TEST_HOST = "$(BUILT_PRODUCTS_DIR)/TransTracks.app/TransTracks";
			};
			name = Debug;
		};
		F919D7A6219186DF0069F42B /* Release */ = {
			isa = XCBuildConfiguration;
			baseConfigurationReference = FE297B424E2A06ADA14BF95D /* Pods-TransTracksTests.release.xcconfig */;
			buildSettings = {
				ALWAYS_EMBED_SWIFT_STANDARD_LIBRARIES = YES;
				BUNDLE_LOADER = "$(TEST_HOST)";
				CODE_SIGN_STYLE = Automatic;
				DEVELOPMENT_TEAM = SLWWTU9N3Q;
				INFOPLIST_FILE = TransTracksTests/Info.plist;
				LD_RUNPATH_SEARCH_PATHS = (
					"$(inherited)",
					"@executable_path/Frameworks",
					"@loader_path/Frameworks",
				);
				PRODUCT_BUNDLE_IDENTIFIER = com.drspaceboo.TransTracksTests;
				PRODUCT_NAME = "$(TARGET_NAME)";
				SWIFT_VERSION = 4.2;
				TARGETED_DEVICE_FAMILY = "1,2";
				TEST_HOST = "$(BUILT_PRODUCTS_DIR)/TransTracks.app/TransTracks";
			};
			name = Release;
		};
		F919D7A8219186DF0069F42B /* Debug */ = {
			isa = XCBuildConfiguration;
			baseConfigurationReference = 6C25B5478A645DB63EFA77E3 /* Pods-TransTracksUITests.debug.xcconfig */;
			buildSettings = {
				ALWAYS_EMBED_SWIFT_STANDARD_LIBRARIES = YES;
				CODE_SIGN_STYLE = Automatic;
				DEVELOPMENT_TEAM = SLWWTU9N3Q;
				INFOPLIST_FILE = TransTracksUITests/Info.plist;
				LD_RUNPATH_SEARCH_PATHS = (
					"$(inherited)",
					"@executable_path/Frameworks",
					"@loader_path/Frameworks",
				);
				PRODUCT_BUNDLE_IDENTIFIER = com.drspaceboo.TransTracksUITests;
				PRODUCT_NAME = "$(TARGET_NAME)";
				SWIFT_VERSION = 4.2;
				TARGETED_DEVICE_FAMILY = "1,2";
				TEST_TARGET_NAME = TransTracks;
			};
			name = Debug;
		};
		F919D7A9219186DF0069F42B /* Release */ = {
			isa = XCBuildConfiguration;
			baseConfigurationReference = 7C239FFF4F0192863FBFB945 /* Pods-TransTracksUITests.release.xcconfig */;
			buildSettings = {
				ALWAYS_EMBED_SWIFT_STANDARD_LIBRARIES = YES;
				CODE_SIGN_STYLE = Automatic;
				DEVELOPMENT_TEAM = SLWWTU9N3Q;
				INFOPLIST_FILE = TransTracksUITests/Info.plist;
				LD_RUNPATH_SEARCH_PATHS = (
					"$(inherited)",
					"@executable_path/Frameworks",
					"@loader_path/Frameworks",
				);
				PRODUCT_BUNDLE_IDENTIFIER = com.drspaceboo.TransTracksUITests;
				PRODUCT_NAME = "$(TARGET_NAME)";
				SWIFT_VERSION = 4.2;
				TARGETED_DEVICE_FAMILY = "1,2";
				TEST_TARGET_NAME = TransTracks;
			};
			name = Release;
		};
/* End XCBuildConfiguration section */

/* Begin XCConfigurationList section */
		F919D774219186DD0069F42B /* Build configuration list for PBXProject "TransTracks" */ = {
			isa = XCConfigurationList;
			buildConfigurations = (
				F919D79F219186DF0069F42B /* Debug */,
				F919D7A0219186DF0069F42B /* Release */,
			);
			defaultConfigurationIsVisible = 0;
			defaultConfigurationName = Release;
		};
		F919D7A1219186DF0069F42B /* Build configuration list for PBXNativeTarget "TransTracks" */ = {
			isa = XCConfigurationList;
			buildConfigurations = (
				F919D7A2219186DF0069F42B /* Debug */,
				F919D7A3219186DF0069F42B /* Release */,
			);
			defaultConfigurationIsVisible = 0;
			defaultConfigurationName = Release;
		};
		F919D7A4219186DF0069F42B /* Build configuration list for PBXNativeTarget "TransTracksTests" */ = {
			isa = XCConfigurationList;
			buildConfigurations = (
				F919D7A5219186DF0069F42B /* Debug */,
				F919D7A6219186DF0069F42B /* Release */,
			);
			defaultConfigurationIsVisible = 0;
			defaultConfigurationName = Release;
		};
		F919D7A7219186DF0069F42B /* Build configuration list for PBXNativeTarget "TransTracksUITests" */ = {
			isa = XCConfigurationList;
			buildConfigurations = (
				F919D7A8219186DF0069F42B /* Debug */,
				F919D7A9219186DF0069F42B /* Release */,
			);
			defaultConfigurationIsVisible = 0;
			defaultConfigurationName = Release;
		};
/* End XCConfigurationList section */
	};
	rootObject = F919D771219186DD0069F42B /* Project object */;
}
