// !$*UTF8*$!
{
	archiveVersion = 1;
	classes = {
	};
	objectVersion = 50;
	objects = {

/* Begin PBXBuildFile section */
		43A113B99810A76804EE486D /* Pods_TransTracksTests.framework in Frameworks */ = {isa = PBXBuildFile; fileRef = B666323FA3653DE5D3E86734 /* Pods_TransTracksTests.framework */; };
		79D1E9B69E05A2336F97A8D0 /* Pods_TransTracksUITests.framework in Frameworks */ = {isa = PBXBuildFile; fileRef = 9CDB1261A2C3CD0699A5F390 /* Pods_TransTracksUITests.framework */; };
		E5BEF87B877F573AE413054C /* Pods_TransTracks.framework in Frameworks */ = {isa = PBXBuildFile; fileRef = 11BDFBC889D2A52E1747B8E4 /* Pods_TransTracks.framework */; };
		F919D77D219186DD0069F42B /* AppDelegate.swift in Sources */ = {isa = PBXBuildFile; fileRef = F919D77C219186DD0069F42B /* AppDelegate.swift */; };
		F919D77F219186DD0069F42B /* HomeViewController.swift in Sources */ = {isa = PBXBuildFile; fileRef = F919D77E219186DD0069F42B /* HomeViewController.swift */; };
		F919D782219186DD0069F42B /* Main.storyboard in Resources */ = {isa = PBXBuildFile; fileRef = F919D780219186DD0069F42B /* Main.storyboard */; };
		F919D787219186DF0069F42B /* LaunchScreen.storyboard in Resources */ = {isa = PBXBuildFile; fileRef = F919D785219186DF0069F42B /* LaunchScreen.storyboard */; };
		F919D792219186DF0069F42B /* TransTracksTests.swift in Sources */ = {isa = PBXBuildFile; fileRef = F919D791219186DF0069F42B /* TransTracksTests.swift */; };
		F919D79D219186DF0069F42B /* TransTracksUITests.swift in Sources */ = {isa = PBXBuildFile; fileRef = F919D79C219186DF0069F42B /* TransTracksUITests.swift */; };
		F93CF0612217F2580008CC44 /* NavigationController.swift in Sources */ = {isa = PBXBuildFile; fileRef = F93CF0602217F2580008CC44 /* NavigationController.swift */; };
		F93CF0642217FD860008CC44 /* ThemeManager.swift in Sources */ = {isa = PBXBuildFile; fileRef = F93CF0632217FD860008CC44 /* ThemeManager.swift */; };
		F93CF066221801C20008CC44 /* UserDefaultsUtil.swift in Sources */ = {isa = PBXBuildFile; fileRef = F93CF065221801C20008CC44 /* UserDefaultsUtil.swift */; };
		F93CF068221805BC0008CC44 /* UIColors.swift in Sources */ = {isa = PBXBuildFile; fileRef = F93CF067221805BC0008CC44 /* UIColors.swift */; };
		F93CF06D221957FD0008CC44 /* BackgroundGradientViewController.swift in Sources */ = {isa = PBXBuildFile; fileRef = F93CF06C221957FD0008CC44 /* BackgroundGradientViewController.swift */; };
		F93CF06F221A1BDD0008CC44 /* GADBannerViews.swift in Sources */ = {isa = PBXBuildFile; fileRef = F93CF06E221A1BDD0008CC44 /* GADBannerViews.swift */; };
		F93CF071221A31EF0008CC44 /* AdContainerView.swift in Sources */ = {isa = PBXBuildFile; fileRef = F93CF070221A31EF0008CC44 /* AdContainerView.swift */; };
		F93CF073221A44420008CC44 /* GoogleService-Info.plist in Resources */ = {isa = PBXBuildFile; fileRef = F93CF072221A44420008CC44 /* GoogleService-Info.plist */; };
		F97AA2F325E900E90015C3CC /* config.plist in Resources */ = {isa = PBXBuildFile; fileRef = F97AA2F225E900E90015C3CC /* config.plist */; };
		F93CF075221A51F30008CC44 /* SettingsController.swift in Sources */ = {isa = PBXBuildFile; fileRef = F93CF074221A51F30008CC44 /* SettingsController.swift */; };
		F93CF078221A54EF0008CC44 /* Localizable.strings in Resources */ = {isa = PBXBuildFile; fileRef = F93CF077221A54EF0008CC44 /* Localizable.strings */; };
		F93CF07A221A55CC0008CC44 /* Dates.swift in Sources */ = {isa = PBXBuildFile; fileRef = F93CF079221A55CC0008CC44 /* Dates.swift */; };
		F93CF07D221A59A00008CC44 /* SettingCell.swift in Sources */ = {isa = PBXBuildFile; fileRef = F93CF07C221A59A00008CC44 /* SettingCell.swift */; };
		F93CF081221A5A0A0008CC44 /* ButtonCell.swift in Sources */ = {isa = PBXBuildFile; fileRef = F93CF080221A5A0A0008CC44 /* ButtonCell.swift */; };
		F93CF083221A66B70008CC44 /* DividerView.swift in Sources */ = {isa = PBXBuildFile; fileRef = F93CF082221A66B70008CC44 /* DividerView.swift */; };
		F93CF16B221BF19B0008CC44 /* Array+Extensions.swift in Sources */ = {isa = PBXBuildFile; fileRef = F93CF11C221BF19B0008CC44 /* Array+Extensions.swift */; };
		F93CF16C221BF19B0008CC44 /* UISegmentedControl+Extensions.swift in Sources */ = {isa = PBXBuildFile; fileRef = F93CF11D221BF19B0008CC44 /* UISegmentedControl+Extensions.swift */; };
		F93CF16D221BF19B0008CC44 /* UIImageView+Extensions.swift in Sources */ = {isa = PBXBuildFile; fileRef = F93CF11E221BF19B0008CC44 /* UIImageView+Extensions.swift */; };
		F93CF16E221BF19B0008CC44 /* UIViewController+Extensions.swift in Sources */ = {isa = PBXBuildFile; fileRef = F93CF11F221BF19B0008CC44 /* UIViewController+Extensions.swift */; };
		F93CF16F221BF19B0008CC44 /* UIView+Extensions.swift in Sources */ = {isa = PBXBuildFile; fileRef = F93CF120221BF19B0008CC44 /* UIView+Extensions.swift */; };
		F93CF170221BF19B0008CC44 /* Date+Extension.swift in Sources */ = {isa = PBXBuildFile; fileRef = F93CF121221BF19B0008CC44 /* Date+Extension.swift */; };
		F93CF171221BF19B0008CC44 /* String+Extensions.swift in Sources */ = {isa = PBXBuildFile; fileRef = F93CF122221BF19B0008CC44 /* String+Extensions.swift */; };
		F93CF172221BF19B0008CC44 /* UITextView+Extensions.swift in Sources */ = {isa = PBXBuildFile; fileRef = F93CF123221BF19B0008CC44 /* UITextView+Extensions.swift */; };
		F93CF173221BF19B0008CC44 /* UIColor+Extensions.swift in Sources */ = {isa = PBXBuildFile; fileRef = F93CF124221BF19B0008CC44 /* UIColor+Extensions.swift */; };
		F93CF174221BF19B0008CC44 /* UIImage+Extensions.swift in Sources */ = {isa = PBXBuildFile; fileRef = F93CF125221BF19B0008CC44 /* UIImage+Extensions.swift */; };
		F93CF175221BF19B0008CC44 /* UISearchBar+Extensions.swift in Sources */ = {isa = PBXBuildFile; fileRef = F93CF126221BF19B0008CC44 /* UISearchBar+Extensions.swift */; };
		F93CF176221BF19B0008CC44 /* UIApplication+Extensions.swift in Sources */ = {isa = PBXBuildFile; fileRef = F93CF127221BF19B0008CC44 /* UIApplication+Extensions.swift */; };
		F93CF177221BF19B0008CC44 /* UIAlertController+Extensions.swift in Sources */ = {isa = PBXBuildFile; fileRef = F93CF128221BF19B0008CC44 /* UIAlertController+Extensions.swift */; };
		F93CF178221BF19B0008CC44 /* Optional+Extensions.swift in Sources */ = {isa = PBXBuildFile; fileRef = F93CF129221BF19B0008CC44 /* Optional+Extensions.swift */; };
		F93CF179221BF19B0008CC44 /* Common+Extensions.swift in Sources */ = {isa = PBXBuildFile; fileRef = F93CF12A221BF19B0008CC44 /* Common+Extensions.swift */; };
		F93CF17A221BF19B0008CC44 /* Locale+Extensions.swift in Sources */ = {isa = PBXBuildFile; fileRef = F93CF12B221BF19B0008CC44 /* Locale+Extensions.swift */; };
		F93CF17B221BF19B0008CC44 /* UITextField+Extensions.swift in Sources */ = {isa = PBXBuildFile; fileRef = F93CF12C221BF19B0008CC44 /* UITextField+Extensions.swift */; };
		F93CF17C221BF19B0008CC44 /* AttributedTextBlock.swift in Sources */ = {isa = PBXBuildFile; fileRef = F93CF12F221BF19B0008CC44 /* AttributedTextBlock.swift */; };
		F93CF17D221BF19B0008CC44 /* TextViewController.swift in Sources */ = {isa = PBXBuildFile; fileRef = F93CF130221BF19B0008CC44 /* TextViewController.swift */; };
		F93CF17E221BF19B0008CC44 /* Countries.bundle in Resources */ = {isa = PBXBuildFile; fileRef = F93CF133221BF19B0008CC44 /* Countries.bundle */; };
		F93CF17F221BF19B0008CC44 /* LocaleStore.swift in Sources */ = {isa = PBXBuildFile; fileRef = F93CF135221BF19B0008CC44 /* LocaleStore.swift */; };
		F93CF180221BF19B0008CC44 /* LocaleInfo.swift in Sources */ = {isa = PBXBuildFile; fileRef = F93CF137221BF19B0008CC44 /* LocaleInfo.swift */; };
		F93CF181221BF19B0008CC44 /* LocalePickerViewController.swift in Sources */ = {isa = PBXBuildFile; fileRef = F93CF138221BF19B0008CC44 /* LocalePickerViewController.swift */; };
		F93CF182221BF19B0008CC44 /* PhoneCodeCell.swift in Sources */ = {isa = PBXBuildFile; fileRef = F93CF13A221BF19B0008CC44 /* PhoneCodeCell.swift */; };
		F93CF183221BF19B0008CC44 /* CurrencyCell.swift in Sources */ = {isa = PBXBuildFile; fileRef = F93CF13B221BF19B0008CC44 /* CurrencyCell.swift */; };
		F93CF184221BF19B0008CC44 /* CountryCell.swift in Sources */ = {isa = PBXBuildFile; fileRef = F93CF13C221BF19B0008CC44 /* CountryCell.swift */; };
		F93CF185221BF19B0008CC44 /* TwoTextFieldsViewController.swift in Sources */ = {isa = PBXBuildFile; fileRef = F93CF13E221BF19B0008CC44 /* TwoTextFieldsViewController.swift */; };
		F93CF186221BF19B0008CC44 /* OneTextFieldViewController.swift in Sources */ = {isa = PBXBuildFile; fileRef = F93CF13F221BF19B0008CC44 /* OneTextFieldViewController.swift */; };
		F93CF187221BF19B0008CC44 /* Assets.swift in Sources */ = {isa = PBXBuildFile; fileRef = F93CF142221BF19B0008CC44 /* Assets.swift */; };
		F93CF188221BF19B0008CC44 /* PhotoLibraryPickerViewController.swift in Sources */ = {isa = PBXBuildFile; fileRef = F93CF143221BF19B0008CC44 /* PhotoLibraryPickerViewController.swift */; };
		F93CF189221BF19B0008CC44 /* LocationSearchResultsViewController.swift in Sources */ = {isa = PBXBuildFile; fileRef = F93CF145221BF19B0008CC44 /* LocationSearchResultsViewController.swift */; };
		F93CF18A221BF19B0008CC44 /* LocationPickerViewController.swift in Sources */ = {isa = PBXBuildFile; fileRef = F93CF146221BF19B0008CC44 /* LocationPickerViewController.swift */; };
		F93CF18B221BF19B0008CC44 /* SearchHistoryManager.swift in Sources */ = {isa = PBXBuildFile; fileRef = F93CF148221BF19B0008CC44 /* SearchHistoryManager.swift */; };
		F93CF18C221BF19B0008CC44 /* Location.swift in Sources */ = {isa = PBXBuildFile; fileRef = F93CF14A221BF19B0008CC44 /* Location.swift */; };
		F93CF18D221BF19B0008CC44 /* Address.swift in Sources */ = {isa = PBXBuildFile; fileRef = F93CF14B221BF19B0008CC44 /* Address.swift */; };
		F93CF18E221BF19B0008CC44 /* PickerViewViewController.swift in Sources */ = {isa = PBXBuildFile; fileRef = F93CF14D221BF19B0008CC44 /* PickerViewViewController.swift */; };
		F93CF18F221BF19B0008CC44 /* ContactsPickerViewController.swift in Sources */ = {isa = PBXBuildFile; fileRef = F93CF14F221BF19B0008CC44 /* ContactsPickerViewController.swift */; };
		F93CF190221BF19B0008CC44 /* Contacts.swift in Sources */ = {isa = PBXBuildFile; fileRef = F93CF151221BF19B0008CC44 /* Contacts.swift */; };
		F93CF191221BF19B0008CC44 /* Contact.swift in Sources */ = {isa = PBXBuildFile; fileRef = F93CF153221BF19B0008CC44 /* Contact.swift */; };
		F93CF192221BF19B0008CC44 /* ContactCell.swift in Sources */ = {isa = PBXBuildFile; fileRef = F93CF155221BF19B0008CC44 /* ContactCell.swift */; };
		F93CF193221BF19B0008CC44 /* ColorPickerViewController.swift in Sources */ = {isa = PBXBuildFile; fileRef = F93CF157221BF19B0008CC44 /* ColorPickerViewController.swift */; };
		F93CF194221BF19B0008CC44 /* DatePickerViewController.swift in Sources */ = {isa = PBXBuildFile; fileRef = F93CF159221BF19B0008CC44 /* DatePickerViewController.swift */; };
		F93CF195221BF19B0008CC44 /* ImagePickerViewController.swift in Sources */ = {isa = PBXBuildFile; fileRef = F93CF15B221BF19B0008CC44 /* ImagePickerViewController.swift */; };
		F93CF196221BF19B0008CC44 /* ItemWithImage.swift in Sources */ = {isa = PBXBuildFile; fileRef = F93CF15D221BF19B0008CC44 /* ItemWithImage.swift */; };
		F93CF197221BF19B0008CC44 /* PhotoLayout.swift in Sources */ = {isa = PBXBuildFile; fileRef = F93CF160221BF19B0008CC44 /* PhotoLayout.swift */; };
		F93CF198221BF19B0008CC44 /* TelegramPickerViewController.swift in Sources */ = {isa = PBXBuildFile; fileRef = F93CF161221BF19B0008CC44 /* TelegramPickerViewController.swift */; };
		F93CF199221BF19B0008CC44 /* ItemWithPhoto.swift in Sources */ = {isa = PBXBuildFile; fileRef = F93CF163221BF19B0008CC44 /* ItemWithPhoto.swift */; };
		F93CF19A221BF19B0008CC44 /* LikeButtonCell.swift in Sources */ = {isa = PBXBuildFile; fileRef = F93CF164221BF19B0008CC44 /* LikeButtonCell.swift */; };
		F93CF19B221BF19B0008CC44 /* Label.swift in Sources */ = {isa = PBXBuildFile; fileRef = F93CF166221BF19B0008CC44 /* Label.swift */; };
		F93CF19C221BF19B0008CC44 /* SegmentedControl.swift in Sources */ = {isa = PBXBuildFile; fileRef = F93CF167221BF19B0008CC44 /* SegmentedControl.swift */; };
		F93CF19D221BF19B0008CC44 /* GradientSlider.swift in Sources */ = {isa = PBXBuildFile; fileRef = F93CF168221BF19B0008CC44 /* GradientSlider.swift */; };
		F93CF19E221BF19B0008CC44 /* TextField.swift in Sources */ = {isa = PBXBuildFile; fileRef = F93CF169221BF19B0008CC44 /* TextField.swift */; };
		F93CF19F221BF19B0008CC44 /* Button.swift in Sources */ = {isa = PBXBuildFile; fileRef = F93CF16A221BF19B0008CC44 /* Button.swift */; };
		F950478A22643BD0004E2304 /* PhotoCell.swift in Sources */ = {isa = PBXBuildFile; fileRef = F950478922643BD0004E2304 /* PhotoCell.swift */; };
		F950478D2265924E004E2304 /* AssignPhotoController.swift in Sources */ = {isa = PBXBuildFile; fileRef = F950478C2265924E004E2304 /* AssignPhotoController.swift */; };
		F95C51DB22546EC6002499F4 /* SelectPhotoController.swift in Sources */ = {isa = PBXBuildFile; fileRef = F95C51DA22546EC6002499F4 /* SelectPhotoController.swift */; };
		F95C51DD22546F54002499F4 /* BackgroundGradientCollectionViewController.swift in Sources */ = {isa = PBXBuildFile; fileRef = F95C51DC22546F54002499F4 /* BackgroundGradientCollectionViewController.swift */; };
		F97CAA8E223A20CB00D6A549 /* DataController.swift in Sources */ = {isa = PBXBuildFile; fileRef = F97CAA8D223A20CB00D6A549 /* DataController.swift */; };
		F97CAA90223A262300D6A549 /* Rx.swift in Sources */ = {isa = PBXBuildFile; fileRef = F97CAA8F223A262300D6A549 /* Rx.swift */; };
		F97CAA92223A31AC00D6A549 /* Photo.swift in Sources */ = {isa = PBXBuildFile; fileRef = F97CAA91223A31AC00D6A549 /* Photo.swift */; };
		F97CAA94223A3A9D00D6A549 /* Milestone.swift in Sources */ = {isa = PBXBuildFile; fileRef = F97CAA93223A3A9D00D6A549 /* Milestone.swift */; };
		F97CAA96223A421700D6A549 /* Localizable.stringsdict in Resources */ = {isa = PBXBuildFile; fileRef = F97CAA95223A421700D6A549 /* Localizable.stringsdict */; };
		F97CAA98223A4F4700D6A549 /* DomainManager.swift in Sources */ = {isa = PBXBuildFile; fileRef = F97CAA97223A4F4700D6A549 /* DomainManager.swift */; };
		F97FF0D622268B0B00DE7FA9 /* EncryptionUtil.swift in Sources */ = {isa = PBXBuildFile; fileRef = F97FF0D522268B0B00DE7FA9 /* EncryptionUtil.swift */; };
		F97FFBEB22781489009503A4 /* AssignPhotoDomain.swift in Sources */ = {isa = PBXBuildFile; fileRef = F97FFBEA22781489009503A4 /* AssignPhotoDomain.swift */; };
		F97FFBED2279687D009503A4 /* FileUtil.swift in Sources */ = {isa = PBXBuildFile; fileRef = F97FFBEC2279687D009503A4 /* FileUtil.swift */; };
		F9868C862207B94B00237C14 /* Assets.xcassets in Resources */ = {isa = PBXBuildFile; fileRef = F9868C852207B94B00237C14 /* Assets.xcassets */; };
		F9DAC09E222129FB0051B8E6 /* OnePasswordTextFieldController.swift in Sources */ = {isa = PBXBuildFile; fileRef = F9DAC09D222129FB0051B8E6 /* OnePasswordTextFieldController.swift */; };
		F9DAC0A022212BA20051B8E6 /* AlertPasswordTextField.swift in Sources */ = {isa = PBXBuildFile; fileRef = F9DAC09F22212BA20051B8E6 /* AlertPasswordTextField.swift */; };
		F9DAC0A22221369C0051B8E6 /* TwoPasswordTextFieldController.swift in Sources */ = {isa = PBXBuildFile; fileRef = F9DAC0A12221369C0051B8E6 /* TwoPasswordTextFieldController.swift */; };
		F9DAC0A4222144B10051B8E6 /* TextFieldReturnAction.swift in Sources */ = {isa = PBXBuildFile; fileRef = F9DAC0A3222144B10051B8E6 /* TextFieldReturnAction.swift */; };
		F9EBDAA2222A1C5600268392 /* HMAC.swift in Sources */ = {isa = PBXBuildFile; fileRef = F9EBDAA1222A1C5600268392 /* HMAC.swift */; };
		F9EBDAA7222B998700268392 /* TransTracks.xcdatamodeld in Sources */ = {isa = PBXBuildFile; fileRef = F9EBDAA5222B998700268392 /* TransTracks.xcdatamodeld */; };
		F9EBDAAA222BA3D800268392 /* HomeDomain.swift in Sources */ = {isa = PBXBuildFile; fileRef = F9EBDAA9222BA3D800268392 /* HomeDomain.swift */; };
/* End PBXBuildFile section */

/* Begin PBXContainerItemProxy section */
		F919D78E219186DF0069F42B /* PBXContainerItemProxy */ = {
			isa = PBXContainerItemProxy;
			containerPortal = F919D771219186DD0069F42B /* Project object */;
			proxyType = 1;
			remoteGlobalIDString = F919D778219186DD0069F42B;
			remoteInfo = TransTracks;
		};
		F919D799219186DF0069F42B /* PBXContainerItemProxy */ = {
			isa = PBXContainerItemProxy;
			containerPortal = F919D771219186DD0069F42B /* Project object */;
			proxyType = 1;
			remoteGlobalIDString = F919D778219186DD0069F42B;
			remoteInfo = TransTracks;
		};
/* End PBXContainerItemProxy section */

/* Begin PBXFileReference section */
		11BDFBC889D2A52E1747B8E4 /* Pods_TransTracks.framework */ = {isa = PBXFileReference; explicitFileType = wrapper.framework; includeInIndex = 0; path = Pods_TransTracks.framework; sourceTree = BUILT_PRODUCTS_DIR; };
		1DA809AC71E468F473C50263 /* Pods-TransTracksTests.debug.xcconfig */ = {isa = PBXFileReference; includeInIndex = 1; lastKnownFileType = text.xcconfig; name = "Pods-TransTracksTests.debug.xcconfig"; path = "Pods/Target Support Files/Pods-TransTracksTests/Pods-TransTracksTests.debug.xcconfig"; sourceTree = "<group>"; };
		231C54A32960F23DF519B785 /* Pods-TransTracks.debug.xcconfig */ = {isa = PBXFileReference; includeInIndex = 1; lastKnownFileType = text.xcconfig; name = "Pods-TransTracks.debug.xcconfig"; path = "Pods/Target Support Files/Pods-TransTracks/Pods-TransTracks.debug.xcconfig"; sourceTree = "<group>"; };
		6C25B5478A645DB63EFA77E3 /* Pods-TransTracksUITests.debug.xcconfig */ = {isa = PBXFileReference; includeInIndex = 1; lastKnownFileType = text.xcconfig; name = "Pods-TransTracksUITests.debug.xcconfig"; path = "Pods/Target Support Files/Pods-TransTracksUITests/Pods-TransTracksUITests.debug.xcconfig"; sourceTree = "<group>"; };
		7C239FFF4F0192863FBFB945 /* Pods-TransTracksUITests.release.xcconfig */ = {isa = PBXFileReference; includeInIndex = 1; lastKnownFileType = text.xcconfig; name = "Pods-TransTracksUITests.release.xcconfig"; path = "Pods/Target Support Files/Pods-TransTracksUITests/Pods-TransTracksUITests.release.xcconfig"; sourceTree = "<group>"; };
		9CA426AE8DCFD7079FB07986 /* Pods-TransTracks.release.xcconfig */ = {isa = PBXFileReference; includeInIndex = 1; lastKnownFileType = text.xcconfig; name = "Pods-TransTracks.release.xcconfig"; path = "Pods/Target Support Files/Pods-TransTracks/Pods-TransTracks.release.xcconfig"; sourceTree = "<group>"; };
		9CDB1261A2C3CD0699A5F390 /* Pods_TransTracksUITests.framework */ = {isa = PBXFileReference; explicitFileType = wrapper.framework; includeInIndex = 0; path = Pods_TransTracksUITests.framework; sourceTree = BUILT_PRODUCTS_DIR; };
		B666323FA3653DE5D3E86734 /* Pods_TransTracksTests.framework */ = {isa = PBXFileReference; explicitFileType = wrapper.framework; includeInIndex = 0; path = Pods_TransTracksTests.framework; sourceTree = BUILT_PRODUCTS_DIR; };
		F919D779219186DD0069F42B /* TransTracks.app */ = {isa = PBXFileReference; explicitFileType = wrapper.application; includeInIndex = 0; path = TransTracks.app; sourceTree = BUILT_PRODUCTS_DIR; };
		F919D77C219186DD0069F42B /* AppDelegate.swift */ = {isa = PBXFileReference; lastKnownFileType = sourcecode.swift; path = AppDelegate.swift; sourceTree = "<group>"; };
		F919D77E219186DD0069F42B /* HomeViewController.swift */ = {isa = PBXFileReference; lastKnownFileType = sourcecode.swift; path = HomeViewController.swift; sourceTree = "<group>"; };
		F919D781219186DD0069F42B /* Base */ = {isa = PBXFileReference; lastKnownFileType = file.storyboard; name = Base; path = Base.lproj/Main.storyboard; sourceTree = "<group>"; };
		F919D786219186DF0069F42B /* Base */ = {isa = PBXFileReference; lastKnownFileType = file.storyboard; name = Base; path = Base.lproj/LaunchScreen.storyboard; sourceTree = "<group>"; };
		F919D788219186DF0069F42B /* Info.plist */ = {isa = PBXFileReference; lastKnownFileType = text.plist.xml; path = Info.plist; sourceTree = "<group>"; };
		F919D78D219186DF0069F42B /* TransTracksTests.xctest */ = {isa = PBXFileReference; explicitFileType = wrapper.cfbundle; includeInIndex = 0; path = TransTracksTests.xctest; sourceTree = BUILT_PRODUCTS_DIR; };
		F919D791219186DF0069F42B /* TransTracksTests.swift */ = {isa = PBXFileReference; lastKnownFileType = sourcecode.swift; path = TransTracksTests.swift; sourceTree = "<group>"; };
		F919D793219186DF0069F42B /* Info.plist */ = {isa = PBXFileReference; lastKnownFileType = text.plist.xml; path = Info.plist; sourceTree = "<group>"; };
		F919D798219186DF0069F42B /* TransTracksUITests.xctest */ = {isa = PBXFileReference; explicitFileType = wrapper.cfbundle; includeInIndex = 0; path = TransTracksUITests.xctest; sourceTree = BUILT_PRODUCTS_DIR; };
		F919D79C219186DF0069F42B /* TransTracksUITests.swift */ = {isa = PBXFileReference; lastKnownFileType = sourcecode.swift; path = TransTracksUITests.swift; sourceTree = "<group>"; };
		F919D79E219186DF0069F42B /* Info.plist */ = {isa = PBXFileReference; lastKnownFileType = text.plist.xml; path = Info.plist; sourceTree = "<group>"; };
		F93CF0602217F2580008CC44 /* NavigationController.swift */ = {isa = PBXFileReference; lastKnownFileType = sourcecode.swift; path = NavigationController.swift; sourceTree = "<group>"; };
		F93CF0632217FD860008CC44 /* ThemeManager.swift */ = {isa = PBXFileReference; lastKnownFileType = sourcecode.swift; path = ThemeManager.swift; sourceTree = "<group>"; };
		F93CF065221801C20008CC44 /* UserDefaultsUtil.swift */ = {isa = PBXFileReference; lastKnownFileType = sourcecode.swift; path = UserDefaultsUtil.swift; sourceTree = "<group>"; };
		F93CF067221805BC0008CC44 /* UIColors.swift */ = {isa = PBXFileReference; lastKnownFileType = sourcecode.swift; path = UIColors.swift; sourceTree = "<group>"; };
		F93CF06C221957FD0008CC44 /* BackgroundGradientViewController.swift */ = {isa = PBXFileReference; lastKnownFileType = sourcecode.swift; path = BackgroundGradientViewController.swift; sourceTree = "<group>"; };
		F93CF06E221A1BDD0008CC44 /* GADBannerViews.swift */ = {isa = PBXFileReference; lastKnownFileType = sourcecode.swift; path = GADBannerViews.swift; sourceTree = "<group>"; };
		F93CF070221A31EF0008CC44 /* AdContainerView.swift */ = {isa = PBXFileReference; lastKnownFileType = sourcecode.swift; path = AdContainerView.swift; sourceTree = "<group>"; };
		F93CF072221A44420008CC44 /* GoogleService-Info.plist */ = {isa = PBXFileReference; fileEncoding = 4; lastKnownFileType = text.plist.xml; path = "GoogleService-Info.plist"; sourceTree = "<group>"; };
		F97AA2F225E900E90015C3CC /* config.plist */ = {isa = PBXFileReference; lastKnownFileType = text.plist.xml; path = config.plist; sourceTree = "<group>"; };
		F93CF074221A51F30008CC44 /* SettingsController.swift */ = {isa = PBXFileReference; lastKnownFileType = sourcecode.swift; path = SettingsController.swift; sourceTree = "<group>"; };
		F93CF077221A54EF0008CC44 /* Localizable.strings */ = {isa = PBXFileReference; lastKnownFileType = text.plist.strings; path = Localizable.strings; sourceTree = "<group>"; };
		F93CF079221A55CC0008CC44 /* Dates.swift */ = {isa = PBXFileReference; lastKnownFileType = sourcecode.swift; path = Dates.swift; sourceTree = "<group>"; };
		F93CF07C221A59A00008CC44 /* SettingCell.swift */ = {isa = PBXFileReference; lastKnownFileType = sourcecode.swift; path = SettingCell.swift; sourceTree = "<group>"; };
		F93CF080221A5A0A0008CC44 /* ButtonCell.swift */ = {isa = PBXFileReference; lastKnownFileType = sourcecode.swift; path = ButtonCell.swift; sourceTree = "<group>"; };
		F93CF082221A66B70008CC44 /* DividerView.swift */ = {isa = PBXFileReference; lastKnownFileType = sourcecode.swift; path = DividerView.swift; sourceTree = "<group>"; };
		F93CF092221BEFB50008CC44 /* Alerts and Pickers */ = {isa = PBXFileReference; lastKnownFileType = folder; path = "Alerts and Pickers"; sourceTree = "<group>"; };
		F93CF11C221BF19B0008CC44 /* Array+Extensions.swift */ = {isa = PBXFileReference; fileEncoding = 4; lastKnownFileType = sourcecode.swift; path = "Array+Extensions.swift"; sourceTree = "<group>"; };
		F93CF11D221BF19B0008CC44 /* UISegmentedControl+Extensions.swift */ = {isa = PBXFileReference; fileEncoding = 4; lastKnownFileType = sourcecode.swift; path = "UISegmentedControl+Extensions.swift"; sourceTree = "<group>"; };
		F93CF11E221BF19B0008CC44 /* UIImageView+Extensions.swift */ = {isa = PBXFileReference; fileEncoding = 4; lastKnownFileType = sourcecode.swift; path = "UIImageView+Extensions.swift"; sourceTree = "<group>"; };
		F93CF11F221BF19B0008CC44 /* UIViewController+Extensions.swift */ = {isa = PBXFileReference; fileEncoding = 4; lastKnownFileType = sourcecode.swift; path = "UIViewController+Extensions.swift"; sourceTree = "<group>"; };
		F93CF120221BF19B0008CC44 /* UIView+Extensions.swift */ = {isa = PBXFileReference; fileEncoding = 4; lastKnownFileType = sourcecode.swift; path = "UIView+Extensions.swift"; sourceTree = "<group>"; };
		F93CF121221BF19B0008CC44 /* Date+Extension.swift */ = {isa = PBXFileReference; fileEncoding = 4; lastKnownFileType = sourcecode.swift; path = "Date+Extension.swift"; sourceTree = "<group>"; };
		F93CF122221BF19B0008CC44 /* String+Extensions.swift */ = {isa = PBXFileReference; fileEncoding = 4; lastKnownFileType = sourcecode.swift; path = "String+Extensions.swift"; sourceTree = "<group>"; };
		F93CF123221BF19B0008CC44 /* UITextView+Extensions.swift */ = {isa = PBXFileReference; fileEncoding = 4; lastKnownFileType = sourcecode.swift; path = "UITextView+Extensions.swift"; sourceTree = "<group>"; };
		F93CF124221BF19B0008CC44 /* UIColor+Extensions.swift */ = {isa = PBXFileReference; fileEncoding = 4; lastKnownFileType = sourcecode.swift; path = "UIColor+Extensions.swift"; sourceTree = "<group>"; };
		F93CF125221BF19B0008CC44 /* UIImage+Extensions.swift */ = {isa = PBXFileReference; fileEncoding = 4; lastKnownFileType = sourcecode.swift; path = "UIImage+Extensions.swift"; sourceTree = "<group>"; };
		F93CF126221BF19B0008CC44 /* UISearchBar+Extensions.swift */ = {isa = PBXFileReference; fileEncoding = 4; lastKnownFileType = sourcecode.swift; path = "UISearchBar+Extensions.swift"; sourceTree = "<group>"; };
		F93CF127221BF19B0008CC44 /* UIApplication+Extensions.swift */ = {isa = PBXFileReference; fileEncoding = 4; lastKnownFileType = sourcecode.swift; path = "UIApplication+Extensions.swift"; sourceTree = "<group>"; };
		F93CF128221BF19B0008CC44 /* UIAlertController+Extensions.swift */ = {isa = PBXFileReference; fileEncoding = 4; lastKnownFileType = sourcecode.swift; path = "UIAlertController+Extensions.swift"; sourceTree = "<group>"; };
		F93CF129221BF19B0008CC44 /* Optional+Extensions.swift */ = {isa = PBXFileReference; fileEncoding = 4; lastKnownFileType = sourcecode.swift; path = "Optional+Extensions.swift"; sourceTree = "<group>"; };
		F93CF12A221BF19B0008CC44 /* Common+Extensions.swift */ = {isa = PBXFileReference; fileEncoding = 4; lastKnownFileType = sourcecode.swift; path = "Common+Extensions.swift"; sourceTree = "<group>"; };
		F93CF12B221BF19B0008CC44 /* Locale+Extensions.swift */ = {isa = PBXFileReference; fileEncoding = 4; lastKnownFileType = sourcecode.swift; path = "Locale+Extensions.swift"; sourceTree = "<group>"; };
		F93CF12C221BF19B0008CC44 /* UITextField+Extensions.swift */ = {isa = PBXFileReference; fileEncoding = 4; lastKnownFileType = sourcecode.swift; path = "UITextField+Extensions.swift"; sourceTree = "<group>"; };
		F93CF12F221BF19B0008CC44 /* AttributedTextBlock.swift */ = {isa = PBXFileReference; fileEncoding = 4; lastKnownFileType = sourcecode.swift; path = AttributedTextBlock.swift; sourceTree = "<group>"; };
		F93CF130221BF19B0008CC44 /* TextViewController.swift */ = {isa = PBXFileReference; fileEncoding = 4; lastKnownFileType = sourcecode.swift; path = TextViewController.swift; sourceTree = "<group>"; };
		F93CF133221BF19B0008CC44 /* Countries.bundle */ = {isa = PBXFileReference; lastKnownFileType = "wrapper.plug-in"; path = Countries.bundle; sourceTree = "<group>"; };
		F93CF135221BF19B0008CC44 /* LocaleStore.swift */ = {isa = PBXFileReference; fileEncoding = 4; lastKnownFileType = sourcecode.swift; path = LocaleStore.swift; sourceTree = "<group>"; };
		F93CF137221BF19B0008CC44 /* LocaleInfo.swift */ = {isa = PBXFileReference; fileEncoding = 4; lastKnownFileType = sourcecode.swift; path = LocaleInfo.swift; sourceTree = "<group>"; };
		F93CF138221BF19B0008CC44 /* LocalePickerViewController.swift */ = {isa = PBXFileReference; fileEncoding = 4; lastKnownFileType = sourcecode.swift; path = LocalePickerViewController.swift; sourceTree = "<group>"; };
		F93CF13A221BF19B0008CC44 /* PhoneCodeCell.swift */ = {isa = PBXFileReference; fileEncoding = 4; lastKnownFileType = sourcecode.swift; path = PhoneCodeCell.swift; sourceTree = "<group>"; };
		F93CF13B221BF19B0008CC44 /* CurrencyCell.swift */ = {isa = PBXFileReference; fileEncoding = 4; lastKnownFileType = sourcecode.swift; path = CurrencyCell.swift; sourceTree = "<group>"; };
		F93CF13C221BF19B0008CC44 /* CountryCell.swift */ = {isa = PBXFileReference; fileEncoding = 4; lastKnownFileType = sourcecode.swift; path = CountryCell.swift; sourceTree = "<group>"; };
		F93CF13E221BF19B0008CC44 /* TwoTextFieldsViewController.swift */ = {isa = PBXFileReference; fileEncoding = 4; lastKnownFileType = sourcecode.swift; path = TwoTextFieldsViewController.swift; sourceTree = "<group>"; };
		F93CF13F221BF19B0008CC44 /* OneTextFieldViewController.swift */ = {isa = PBXFileReference; fileEncoding = 4; lastKnownFileType = sourcecode.swift; path = OneTextFieldViewController.swift; sourceTree = "<group>"; };
		F93CF142221BF19B0008CC44 /* Assets.swift */ = {isa = PBXFileReference; fileEncoding = 4; lastKnownFileType = sourcecode.swift; path = Assets.swift; sourceTree = "<group>"; };
		F93CF143221BF19B0008CC44 /* PhotoLibraryPickerViewController.swift */ = {isa = PBXFileReference; fileEncoding = 4; lastKnownFileType = sourcecode.swift; path = PhotoLibraryPickerViewController.swift; sourceTree = "<group>"; };
		F93CF145221BF19B0008CC44 /* LocationSearchResultsViewController.swift */ = {isa = PBXFileReference; fileEncoding = 4; lastKnownFileType = sourcecode.swift; path = LocationSearchResultsViewController.swift; sourceTree = "<group>"; };
		F93CF146221BF19B0008CC44 /* LocationPickerViewController.swift */ = {isa = PBXFileReference; fileEncoding = 4; lastKnownFileType = sourcecode.swift; path = LocationPickerViewController.swift; sourceTree = "<group>"; };
		F93CF148221BF19B0008CC44 /* SearchHistoryManager.swift */ = {isa = PBXFileReference; fileEncoding = 4; lastKnownFileType = sourcecode.swift; path = SearchHistoryManager.swift; sourceTree = "<group>"; };
		F93CF14A221BF19B0008CC44 /* Location.swift */ = {isa = PBXFileReference; fileEncoding = 4; lastKnownFileType = sourcecode.swift; path = Location.swift; sourceTree = "<group>"; };
		F93CF14B221BF19B0008CC44 /* Address.swift */ = {isa = PBXFileReference; fileEncoding = 4; lastKnownFileType = sourcecode.swift; path = Address.swift; sourceTree = "<group>"; };
		F93CF14D221BF19B0008CC44 /* PickerViewViewController.swift */ = {isa = PBXFileReference; fileEncoding = 4; lastKnownFileType = sourcecode.swift; path = PickerViewViewController.swift; sourceTree = "<group>"; };
		F93CF14F221BF19B0008CC44 /* ContactsPickerViewController.swift */ = {isa = PBXFileReference; fileEncoding = 4; lastKnownFileType = sourcecode.swift; path = ContactsPickerViewController.swift; sourceTree = "<group>"; };
		F93CF151221BF19B0008CC44 /* Contacts.swift */ = {isa = PBXFileReference; fileEncoding = 4; lastKnownFileType = sourcecode.swift; path = Contacts.swift; sourceTree = "<group>"; };
		F93CF153221BF19B0008CC44 /* Contact.swift */ = {isa = PBXFileReference; fileEncoding = 4; lastKnownFileType = sourcecode.swift; path = Contact.swift; sourceTree = "<group>"; };
		F93CF155221BF19B0008CC44 /* ContactCell.swift */ = {isa = PBXFileReference; fileEncoding = 4; lastKnownFileType = sourcecode.swift; path = ContactCell.swift; sourceTree = "<group>"; };
		F93CF157221BF19B0008CC44 /* ColorPickerViewController.swift */ = {isa = PBXFileReference; fileEncoding = 4; lastKnownFileType = sourcecode.swift; path = ColorPickerViewController.swift; sourceTree = "<group>"; };
		F93CF159221BF19B0008CC44 /* DatePickerViewController.swift */ = {isa = PBXFileReference; fileEncoding = 4; lastKnownFileType = sourcecode.swift; path = DatePickerViewController.swift; sourceTree = "<group>"; };
		F93CF15B221BF19B0008CC44 /* ImagePickerViewController.swift */ = {isa = PBXFileReference; fileEncoding = 4; lastKnownFileType = sourcecode.swift; path = ImagePickerViewController.swift; sourceTree = "<group>"; };
		F93CF15D221BF19B0008CC44 /* ItemWithImage.swift */ = {isa = PBXFileReference; fileEncoding = 4; lastKnownFileType = sourcecode.swift; path = ItemWithImage.swift; sourceTree = "<group>"; };
		F93CF160221BF19B0008CC44 /* PhotoLayout.swift */ = {isa = PBXFileReference; fileEncoding = 4; lastKnownFileType = sourcecode.swift; path = PhotoLayout.swift; sourceTree = "<group>"; };
		F93CF161221BF19B0008CC44 /* TelegramPickerViewController.swift */ = {isa = PBXFileReference; fileEncoding = 4; lastKnownFileType = sourcecode.swift; path = TelegramPickerViewController.swift; sourceTree = "<group>"; };
		F93CF163221BF19B0008CC44 /* ItemWithPhoto.swift */ = {isa = PBXFileReference; fileEncoding = 4; lastKnownFileType = sourcecode.swift; path = ItemWithPhoto.swift; sourceTree = "<group>"; };
		F93CF164221BF19B0008CC44 /* LikeButtonCell.swift */ = {isa = PBXFileReference; fileEncoding = 4; lastKnownFileType = sourcecode.swift; path = LikeButtonCell.swift; sourceTree = "<group>"; };
		F93CF166221BF19B0008CC44 /* Label.swift */ = {isa = PBXFileReference; fileEncoding = 4; lastKnownFileType = sourcecode.swift; path = Label.swift; sourceTree = "<group>"; };
		F93CF167221BF19B0008CC44 /* SegmentedControl.swift */ = {isa = PBXFileReference; fileEncoding = 4; lastKnownFileType = sourcecode.swift; path = SegmentedControl.swift; sourceTree = "<group>"; };
		F93CF168221BF19B0008CC44 /* GradientSlider.swift */ = {isa = PBXFileReference; fileEncoding = 4; lastKnownFileType = sourcecode.swift; path = GradientSlider.swift; sourceTree = "<group>"; };
		F93CF169221BF19B0008CC44 /* TextField.swift */ = {isa = PBXFileReference; fileEncoding = 4; lastKnownFileType = sourcecode.swift; path = TextField.swift; sourceTree = "<group>"; };
		F93CF16A221BF19B0008CC44 /* Button.swift */ = {isa = PBXFileReference; fileEncoding = 4; lastKnownFileType = sourcecode.swift; path = Button.swift; sourceTree = "<group>"; };
		F950478922643BD0004E2304 /* PhotoCell.swift */ = {isa = PBXFileReference; lastKnownFileType = sourcecode.swift; path = PhotoCell.swift; sourceTree = "<group>"; };
		F950478C2265924E004E2304 /* AssignPhotoController.swift */ = {isa = PBXFileReference; lastKnownFileType = sourcecode.swift; path = AssignPhotoController.swift; sourceTree = "<group>"; };
		F95C51DA22546EC6002499F4 /* SelectPhotoController.swift */ = {isa = PBXFileReference; lastKnownFileType = sourcecode.swift; path = SelectPhotoController.swift; sourceTree = "<group>"; };
		F95C51DC22546F54002499F4 /* BackgroundGradientCollectionViewController.swift */ = {isa = PBXFileReference; lastKnownFileType = sourcecode.swift; path = BackgroundGradientCollectionViewController.swift; sourceTree = "<group>"; };
		F97CAA8D223A20CB00D6A549 /* DataController.swift */ = {isa = PBXFileReference; lastKnownFileType = sourcecode.swift; path = DataController.swift; sourceTree = "<group>"; };
		F97CAA8F223A262300D6A549 /* Rx.swift */ = {isa = PBXFileReference; lastKnownFileType = sourcecode.swift; path = Rx.swift; sourceTree = "<group>"; };
		F97CAA91223A31AC00D6A549 /* Photo.swift */ = {isa = PBXFileReference; lastKnownFileType = sourcecode.swift; path = Photo.swift; sourceTree = "<group>"; };
		F97CAA93223A3A9D00D6A549 /* Milestone.swift */ = {isa = PBXFileReference; lastKnownFileType = sourcecode.swift; path = Milestone.swift; sourceTree = "<group>"; };
		F97CAA95223A421700D6A549 /* Localizable.stringsdict */ = {isa = PBXFileReference; lastKnownFileType = text.plist.stringsdict; path = Localizable.stringsdict; sourceTree = "<group>"; };
		F97CAA97223A4F4700D6A549 /* DomainManager.swift */ = {isa = PBXFileReference; lastKnownFileType = sourcecode.swift; path = DomainManager.swift; sourceTree = "<group>"; };
		F97FF0D522268B0B00DE7FA9 /* EncryptionUtil.swift */ = {isa = PBXFileReference; lastKnownFileType = sourcecode.swift; path = EncryptionUtil.swift; sourceTree = "<group>"; };
		F97FFBEA22781489009503A4 /* AssignPhotoDomain.swift */ = {isa = PBXFileReference; lastKnownFileType = sourcecode.swift; path = AssignPhotoDomain.swift; sourceTree = "<group>"; };
		F97FFBEC2279687D009503A4 /* FileUtil.swift */ = {isa = PBXFileReference; lastKnownFileType = sourcecode.swift; path = FileUtil.swift; sourceTree = "<group>"; };
		F9868C852207B94B00237C14 /* Assets.xcassets */ = {isa = PBXFileReference; lastKnownFileType = folder.assetcatalog; path = Assets.xcassets; sourceTree = "<group>"; };
		F9DAC09D222129FB0051B8E6 /* OnePasswordTextFieldController.swift */ = {isa = PBXFileReference; lastKnownFileType = sourcecode.swift; path = OnePasswordTextFieldController.swift; sourceTree = "<group>"; };
		F9DAC09F22212BA20051B8E6 /* AlertPasswordTextField.swift */ = {isa = PBXFileReference; lastKnownFileType = sourcecode.swift; path = AlertPasswordTextField.swift; sourceTree = "<group>"; };
		F9DAC0A12221369C0051B8E6 /* TwoPasswordTextFieldController.swift */ = {isa = PBXFileReference; lastKnownFileType = sourcecode.swift; path = TwoPasswordTextFieldController.swift; sourceTree = "<group>"; };
		F9DAC0A3222144B10051B8E6 /* TextFieldReturnAction.swift */ = {isa = PBXFileReference; lastKnownFileType = sourcecode.swift; path = TextFieldReturnAction.swift; sourceTree = "<group>"; };
		F9EBDAA1222A1C5600268392 /* HMAC.swift */ = {isa = PBXFileReference; lastKnownFileType = sourcecode.swift; path = HMAC.swift; sourceTree = "<group>"; };
		F9EBDAA6222B998700268392 /* TransTracks.xcdatamodel */ = {isa = PBXFileReference; lastKnownFileType = wrapper.xcdatamodel; path = TransTracks.xcdatamodel; sourceTree = "<group>"; };
		F9EBDAA9222BA3D800268392 /* HomeDomain.swift */ = {isa = PBXFileReference; lastKnownFileType = sourcecode.swift; path = HomeDomain.swift; sourceTree = "<group>"; };
		FE297B424E2A06ADA14BF95D /* Pods-TransTracksTests.release.xcconfig */ = {isa = PBXFileReference; includeInIndex = 1; lastKnownFileType = text.xcconfig; name = "Pods-TransTracksTests.release.xcconfig"; path = "Pods/Target Support Files/Pods-TransTracksTests/Pods-TransTracksTests.release.xcconfig"; sourceTree = "<group>"; };
/* End PBXFileReference section */

/* Begin PBXFrameworksBuildPhase section */
		F919D776219186DD0069F42B /* Frameworks */ = {
			isa = PBXFrameworksBuildPhase;
			buildActionMask = 2147483647;
			files = (
				E5BEF87B877F573AE413054C /* Pods_TransTracks.framework in Frameworks */,
			);
			runOnlyForDeploymentPostprocessing = 0;
		};
		F919D78A219186DF0069F42B /* Frameworks */ = {
			isa = PBXFrameworksBuildPhase;
			buildActionMask = 2147483647;
			files = (
				43A113B99810A76804EE486D /* Pods_TransTracksTests.framework in Frameworks */,
			);
			runOnlyForDeploymentPostprocessing = 0;
		};
		F919D795219186DF0069F42B /* Frameworks */ = {
			isa = PBXFrameworksBuildPhase;
			buildActionMask = 2147483647;
			files = (
				79D1E9B69E05A2336F97A8D0 /* Pods_TransTracksUITests.framework in Frameworks */,
			);
			runOnlyForDeploymentPostprocessing = 0;
		};
/* End PBXFrameworksBuildPhase section */

/* Begin PBXGroup section */
		08E661EAAB70FAC54179A444 /* Frameworks */ = {
			isa = PBXGroup;
			children = (
				F93CF092221BEFB50008CC44 /* Alerts and Pickers */,
				11BDFBC889D2A52E1747B8E4 /* Pods_TransTracks.framework */,
				B666323FA3653DE5D3E86734 /* Pods_TransTracksTests.framework */,
				9CDB1261A2C3CD0699A5F390 /* Pods_TransTracksUITests.framework */,
			);
			name = Frameworks;
			sourceTree = "<group>";
		};
		D066CAFFF62315E1A7750243 /* Pods */ = {
			isa = PBXGroup;
			children = (
				231C54A32960F23DF519B785 /* Pods-TransTracks.debug.xcconfig */,
				9CA426AE8DCFD7079FB07986 /* Pods-TransTracks.release.xcconfig */,
				1DA809AC71E468F473C50263 /* Pods-TransTracksTests.debug.xcconfig */,
				FE297B424E2A06ADA14BF95D /* Pods-TransTracksTests.release.xcconfig */,
				6C25B5478A645DB63EFA77E3 /* Pods-TransTracksUITests.debug.xcconfig */,
				7C239FFF4F0192863FBFB945 /* Pods-TransTracksUITests.release.xcconfig */,
			);
			name = Pods;
			sourceTree = "<group>";
		};
		F919D770219186DD0069F42B = {
			isa = PBXGroup;
			children = (
				F93CF11A221BF19B0008CC44 /* Alerts and Pickers Library */,
				08E661EAAB70FAC54179A444 /* Frameworks */,
				D066CAFFF62315E1A7750243 /* Pods */,
				F919D77A219186DD0069F42B /* Products */,
				F919D77B219186DD0069F42B /* TransTracks */,
				F919D790219186DF0069F42B /* TransTracksTests */,
				F919D79B219186DF0069F42B /* TransTracksUITests */,
			);
			sourceTree = "<group>";
		};
		F919D77A219186DD0069F42B /* Products */ = {
			isa = PBXGroup;
			children = (
				F919D779219186DD0069F42B /* TransTracks.app */,
				F919D78D219186DF0069F42B /* TransTracksTests.xctest */,
				F919D798219186DF0069F42B /* TransTracksUITests.xctest */,
			);
			name = Products;
			sourceTree = "<group>";
		};
		F919D77B219186DD0069F42B /* TransTracks */ = {
			isa = PBXGroup;
			children = (
				F919D77C219186DD0069F42B /* AppDelegate.swift */,
				F9868C852207B94B00237C14 /* Assets.xcassets */,
				F9EBDAA4222B996300268392 /* Data */,
				F9EBDAA8222BA2E700268392 /* Domain */,
				F93CF072221A44420008CC44 /* GoogleService-Info.plist */,
				F919D788219186DF0069F42B /* Info.plist */,
				F97AA2F225E900E90015C3CC /* config.plist */,
				F919D785219186DF0069F42B /* LaunchScreen.storyboard */,
				F97CAA95223A421700D6A549 /* Localizable.stringsdict */,
				F93CF077221A54EF0008CC44 /* Localizable.strings */,
				F93CF06B221957AC0008CC44 /* UI */,
				F93CF0622217FD2E0008CC44 /* Util */,
			);
			path = TransTracks;
			sourceTree = "<group>";
		};
		F919D790219186DF0069F42B /* TransTracksTests */ = {
			isa = PBXGroup;
			children = (
				F919D791219186DF0069F42B /* TransTracksTests.swift */,
				F919D793219186DF0069F42B /* Info.plist */,
			);
			path = TransTracksTests;
			sourceTree = "<group>";
		};
		F919D79B219186DF0069F42B /* TransTracksUITests */ = {
			isa = PBXGroup;
			children = (
				F919D79C219186DF0069F42B /* TransTracksUITests.swift */,
				F919D79E219186DF0069F42B /* Info.plist */,
			);
			path = TransTracksUITests;
			sourceTree = "<group>";
		};
		F938E24322546E58000DC032 /* Select Photo */ = {
			isa = PBXGroup;
			children = (
				F95C51DA22546EC6002499F4 /* SelectPhotoController.swift */,
				F950478922643BD0004E2304 /* PhotoCell.swift */,
			);
			path = "Select Photo";
			sourceTree = "<group>";
		};
		F93CF0622217FD2E0008CC44 /* Util */ = {
			isa = PBXGroup;
			children = (
				F93CF079221A55CC0008CC44 /* Dates.swift */,
				F93CF06E221A1BDD0008CC44 /* GADBannerViews.swift */,
				F93CF0632217FD860008CC44 /* ThemeManager.swift */,
				F93CF067221805BC0008CC44 /* UIColors.swift */,
				F93CF065221801C20008CC44 /* UserDefaultsUtil.swift */,
				F9DAC0A3222144B10051B8E6 /* TextFieldReturnAction.swift */,
				F97FF0D522268B0B00DE7FA9 /* EncryptionUtil.swift */,
				F9EBDAA1222A1C5600268392 /* HMAC.swift */,
				F97CAA8F223A262300D6A549 /* Rx.swift */,
				F97FFBEC2279687D009503A4 /* FileUtil.swift */,
			);
			path = Util;
			sourceTree = "<group>";
		};
		F93CF06B221957AC0008CC44 /* UI */ = {
			isa = PBXGroup;
			children = (
				F950478B22659235004E2304 /* Assign Photo */,
				F9DAC09C222129A70051B8E6 /* Custom */,
				F9FF433B22435A6100B911C6 /* Home */,
				F919D780219186DD0069F42B /* Main.storyboard */,
				F93CF0602217F2580008CC44 /* NavigationController.swift */,
				F938E24322546E58000DC032 /* Select Photo */,
				F93CF07B221A59400008CC44 /* Settings */,
			);
			path = UI;
			sourceTree = "<group>";
		};
		F93CF07B221A59400008CC44 /* Settings */ = {
			isa = PBXGroup;
			children = (
				F93CF074221A51F30008CC44 /* SettingsController.swift */,
				F93CF07C221A59A00008CC44 /* SettingCell.swift */,
				F93CF080221A5A0A0008CC44 /* ButtonCell.swift */,
			);
			path = Settings;
			sourceTree = "<group>";
		};
		F93CF11A221BF19B0008CC44 /* Alerts and Pickers Library */ = {
			isa = PBXGroup;
			children = (
				F93CF11B221BF19B0008CC44 /* Extensions */,
				F93CF12D221BF19B0008CC44 /* Viewers */,
				F93CF131221BF19B0008CC44 /* Pickers */,
				F93CF165221BF19B0008CC44 /* Views */,
			);
			path = "Alerts and Pickers Library";
			sourceTree = "<group>";
		};
		F93CF11B221BF19B0008CC44 /* Extensions */ = {
			isa = PBXGroup;
			children = (
				F93CF11C221BF19B0008CC44 /* Array+Extensions.swift */,
				F93CF11D221BF19B0008CC44 /* UISegmentedControl+Extensions.swift */,
				F93CF11E221BF19B0008CC44 /* UIImageView+Extensions.swift */,
				F93CF11F221BF19B0008CC44 /* UIViewController+Extensions.swift */,
				F93CF120221BF19B0008CC44 /* UIView+Extensions.swift */,
				F93CF121221BF19B0008CC44 /* Date+Extension.swift */,
				F93CF122221BF19B0008CC44 /* String+Extensions.swift */,
				F93CF123221BF19B0008CC44 /* UITextView+Extensions.swift */,
				F93CF124221BF19B0008CC44 /* UIColor+Extensions.swift */,
				F93CF125221BF19B0008CC44 /* UIImage+Extensions.swift */,
				F93CF126221BF19B0008CC44 /* UISearchBar+Extensions.swift */,
				F93CF127221BF19B0008CC44 /* UIApplication+Extensions.swift */,
				F93CF128221BF19B0008CC44 /* UIAlertController+Extensions.swift */,
				F93CF129221BF19B0008CC44 /* Optional+Extensions.swift */,
				F93CF12A221BF19B0008CC44 /* Common+Extensions.swift */,
				F93CF12B221BF19B0008CC44 /* Locale+Extensions.swift */,
				F93CF12C221BF19B0008CC44 /* UITextField+Extensions.swift */,
			);
			path = Extensions;
			sourceTree = "<group>";
		};
		F93CF12D221BF19B0008CC44 /* Viewers */ = {
			isa = PBXGroup;
			children = (
				F93CF12E221BF19B0008CC44 /* Models */,
				F93CF130221BF19B0008CC44 /* TextViewController.swift */,
			);
			path = Viewers;
			sourceTree = "<group>";
		};
		F93CF12E221BF19B0008CC44 /* Models */ = {
			isa = PBXGroup;
			children = (
				F93CF12F221BF19B0008CC44 /* AttributedTextBlock.swift */,
			);
			path = Models;
			sourceTree = "<group>";
		};
		F93CF131221BF19B0008CC44 /* Pickers */ = {
			isa = PBXGroup;
			children = (
				F93CF132221BF19B0008CC44 /* Locale */,
				F93CF13D221BF19B0008CC44 /* TextFields */,
				F93CF140221BF19B0008CC44 /* PhotoLibrary */,
				F93CF144221BF19B0008CC44 /* Location */,
				F93CF14C221BF19B0008CC44 /* PickerView */,
				F93CF14E221BF19B0008CC44 /* Contacts */,
				F93CF156221BF19B0008CC44 /* Color */,
				F93CF158221BF19B0008CC44 /* Date */,
				F93CF15A221BF19B0008CC44 /* Image */,
				F93CF15E221BF19B0008CC44 /* Telegram */,
			);
			path = Pickers;
			sourceTree = "<group>";
		};
		F93CF132221BF19B0008CC44 /* Locale */ = {
			isa = PBXGroup;
			children = (
				F93CF133221BF19B0008CC44 /* Countries.bundle */,
				F93CF134221BF19B0008CC44 /* Managers */,
				F93CF136221BF19B0008CC44 /* Models */,
				F93CF138221BF19B0008CC44 /* LocalePickerViewController.swift */,
				F93CF139221BF19B0008CC44 /* Views */,
			);
			path = Locale;
			sourceTree = "<group>";
		};
		F93CF134221BF19B0008CC44 /* Managers */ = {
			isa = PBXGroup;
			children = (
				F93CF135221BF19B0008CC44 /* LocaleStore.swift */,
			);
			path = Managers;
			sourceTree = "<group>";
		};
		F93CF136221BF19B0008CC44 /* Models */ = {
			isa = PBXGroup;
			children = (
				F93CF137221BF19B0008CC44 /* LocaleInfo.swift */,
			);
			path = Models;
			sourceTree = "<group>";
		};
		F93CF139221BF19B0008CC44 /* Views */ = {
			isa = PBXGroup;
			children = (
				F93CF13A221BF19B0008CC44 /* PhoneCodeCell.swift */,
				F93CF13B221BF19B0008CC44 /* CurrencyCell.swift */,
				F93CF13C221BF19B0008CC44 /* CountryCell.swift */,
			);
			path = Views;
			sourceTree = "<group>";
		};
		F93CF13D221BF19B0008CC44 /* TextFields */ = {
			isa = PBXGroup;
			children = (
				F93CF13E221BF19B0008CC44 /* TwoTextFieldsViewController.swift */,
				F93CF13F221BF19B0008CC44 /* OneTextFieldViewController.swift */,
			);
			path = TextFields;
			sourceTree = "<group>";
		};
		F93CF140221BF19B0008CC44 /* PhotoLibrary */ = {
			isa = PBXGroup;
			children = (
				F93CF141221BF19B0008CC44 /* Managers */,
				F93CF143221BF19B0008CC44 /* PhotoLibraryPickerViewController.swift */,
			);
			path = PhotoLibrary;
			sourceTree = "<group>";
		};
		F93CF141221BF19B0008CC44 /* Managers */ = {
			isa = PBXGroup;
			children = (
				F93CF142221BF19B0008CC44 /* Assets.swift */,
			);
			path = Managers;
			sourceTree = "<group>";
		};
		F93CF144221BF19B0008CC44 /* Location */ = {
			isa = PBXGroup;
			children = (
				F93CF145221BF19B0008CC44 /* LocationSearchResultsViewController.swift */,
				F93CF146221BF19B0008CC44 /* LocationPickerViewController.swift */,
				F93CF147221BF19B0008CC44 /* Managers */,
				F93CF149221BF19B0008CC44 /* Models */,
			);
			path = Location;
			sourceTree = "<group>";
		};
		F93CF147221BF19B0008CC44 /* Managers */ = {
			isa = PBXGroup;
			children = (
				F93CF148221BF19B0008CC44 /* SearchHistoryManager.swift */,
			);
			path = Managers;
			sourceTree = "<group>";
		};
		F93CF149221BF19B0008CC44 /* Models */ = {
			isa = PBXGroup;
			children = (
				F93CF14A221BF19B0008CC44 /* Location.swift */,
				F93CF14B221BF19B0008CC44 /* Address.swift */,
			);
			path = Models;
			sourceTree = "<group>";
		};
		F93CF14C221BF19B0008CC44 /* PickerView */ = {
			isa = PBXGroup;
			children = (
				F93CF14D221BF19B0008CC44 /* PickerViewViewController.swift */,
			);
			path = PickerView;
			sourceTree = "<group>";
		};
		F93CF14E221BF19B0008CC44 /* Contacts */ = {
			isa = PBXGroup;
			children = (
				F93CF14F221BF19B0008CC44 /* ContactsPickerViewController.swift */,
				F93CF150221BF19B0008CC44 /* Managers */,
				F93CF152221BF19B0008CC44 /* Models */,
				F93CF154221BF19B0008CC44 /* Views */,
			);
			path = Contacts;
			sourceTree = "<group>";
		};
		F93CF150221BF19B0008CC44 /* Managers */ = {
			isa = PBXGroup;
			children = (
				F93CF151221BF19B0008CC44 /* Contacts.swift */,
			);
			path = Managers;
			sourceTree = "<group>";
		};
		F93CF152221BF19B0008CC44 /* Models */ = {
			isa = PBXGroup;
			children = (
				F93CF153221BF19B0008CC44 /* Contact.swift */,
			);
			path = Models;
			sourceTree = "<group>";
		};
		F93CF154221BF19B0008CC44 /* Views */ = {
			isa = PBXGroup;
			children = (
				F93CF155221BF19B0008CC44 /* ContactCell.swift */,
			);
			path = Views;
			sourceTree = "<group>";
		};
		F93CF156221BF19B0008CC44 /* Color */ = {
			isa = PBXGroup;
			children = (
				F93CF157221BF19B0008CC44 /* ColorPickerViewController.swift */,
			);
			path = Color;
			sourceTree = "<group>";
		};
		F93CF158221BF19B0008CC44 /* Date */ = {
			isa = PBXGroup;
			children = (
				F93CF159221BF19B0008CC44 /* DatePickerViewController.swift */,
			);
			path = Date;
			sourceTree = "<group>";
		};
		F93CF15A221BF19B0008CC44 /* Image */ = {
			isa = PBXGroup;
			children = (
				F93CF15B221BF19B0008CC44 /* ImagePickerViewController.swift */,
				F93CF15C221BF19B0008CC44 /* Views */,
			);
			path = Image;
			sourceTree = "<group>";
		};
		F93CF15C221BF19B0008CC44 /* Views */ = {
			isa = PBXGroup;
			children = (
				F93CF15D221BF19B0008CC44 /* ItemWithImage.swift */,
			);
			path = Views;
			sourceTree = "<group>";
		};
		F93CF15E221BF19B0008CC44 /* Telegram */ = {
			isa = PBXGroup;
			children = (
				F93CF15F221BF19B0008CC44 /* Layouts */,
				F93CF161221BF19B0008CC44 /* TelegramPickerViewController.swift */,
				F93CF162221BF19B0008CC44 /* Views */,
			);
			path = Telegram;
			sourceTree = "<group>";
		};
		F93CF15F221BF19B0008CC44 /* Layouts */ = {
			isa = PBXGroup;
			children = (
				F93CF160221BF19B0008CC44 /* PhotoLayout.swift */,
			);
			path = Layouts;
			sourceTree = "<group>";
		};
		F93CF162221BF19B0008CC44 /* Views */ = {
			isa = PBXGroup;
			children = (
				F93CF163221BF19B0008CC44 /* ItemWithPhoto.swift */,
				F93CF164221BF19B0008CC44 /* LikeButtonCell.swift */,
			);
			path = Views;
			sourceTree = "<group>";
		};
		F93CF165221BF19B0008CC44 /* Views */ = {
			isa = PBXGroup;
			children = (
				F93CF166221BF19B0008CC44 /* Label.swift */,
				F93CF167221BF19B0008CC44 /* SegmentedControl.swift */,
				F93CF168221BF19B0008CC44 /* GradientSlider.swift */,
				F93CF169221BF19B0008CC44 /* TextField.swift */,
				F93CF16A221BF19B0008CC44 /* Button.swift */,
			);
			path = Views;
			sourceTree = "<group>";
		};
		F950478B22659235004E2304 /* Assign Photo */ = {
			isa = PBXGroup;
			children = (
				F950478C2265924E004E2304 /* AssignPhotoController.swift */,
			);
			path = "Assign Photo";
			sourceTree = "<group>";
		};
		F9DAC09C222129A70051B8E6 /* Custom */ = {
			isa = PBXGroup;
			children = (
				F93CF070221A31EF0008CC44 /* AdContainerView.swift */,
				F9DAC09F22212BA20051B8E6 /* AlertPasswordTextField.swift */,
				F93CF06C221957FD0008CC44 /* BackgroundGradientViewController.swift */,
				F93CF082221A66B70008CC44 /* DividerView.swift */,
				F9DAC09D222129FB0051B8E6 /* OnePasswordTextFieldController.swift */,
				F9DAC0A12221369C0051B8E6 /* TwoPasswordTextFieldController.swift */,
				F95C51DC22546F54002499F4 /* BackgroundGradientCollectionViewController.swift */,
			);
			path = Custom;
			sourceTree = "<group>";
		};
		F9EBDAA4222B996300268392 /* Data */ = {
			isa = PBXGroup;
			children = (
				F9EBDAA5222B998700268392 /* TransTracks.xcdatamodeld */,
				F97CAA8D223A20CB00D6A549 /* DataController.swift */,
				F97CAA91223A31AC00D6A549 /* Photo.swift */,
				F97CAA93223A3A9D00D6A549 /* Milestone.swift */,
			);
			path = Data;
			sourceTree = "<group>";
		};
		F9EBDAA8222BA2E700268392 /* Domain */ = {
			isa = PBXGroup;
			children = (
				F9EBDAA9222BA3D800268392 /* HomeDomain.swift */,
				F97CAA97223A4F4700D6A549 /* DomainManager.swift */,
				F97FFBEA22781489009503A4 /* AssignPhotoDomain.swift */,
			);
			path = Domain;
			sourceTree = "<group>";
		};
		F9FF433B22435A6100B911C6 /* Home */ = {
			isa = PBXGroup;
			children = (
				F919D77E219186DD0069F42B /* HomeViewController.swift */,
			);
			path = Home;
			sourceTree = "<group>";
		};
/* End PBXGroup section */

/* Begin PBXNativeTarget section */
		F919D778219186DD0069F42B /* TransTracks */ = {
			isa = PBXNativeTarget;
			buildConfigurationList = F919D7A1219186DF0069F42B /* Build configuration list for PBXNativeTarget "TransTracks" */;
			buildPhases = (
				3983AB3304C200D2BB0095E4 /* [CP] Check Pods Manifest.lock */,
				F919D775219186DD0069F42B /* Sources */,
				F919D776219186DD0069F42B /* Frameworks */,
				F919D777219186DD0069F42B /* Resources */,
				5D41AAEB36C12E4364318CFB /* [CP] Embed Pods Frameworks */,
				F93CF05D2217D8810008CC44 /* ShellScript */,
			);
			buildRules = (
			);
			dependencies = (
			);
			name = TransTracks;
			productName = TransTracks;
			productReference = F919D779219186DD0069F42B /* TransTracks.app */;
			productType = "com.apple.product-type.application";
		};
		F919D78C219186DF0069F42B /* TransTracksTests */ = {
			isa = PBXNativeTarget;
			buildConfigurationList = F919D7A4219186DF0069F42B /* Build configuration list for PBXNativeTarget "TransTracksTests" */;
			buildPhases = (
				1548D279E5E154D9059365E1 /* [CP] Check Pods Manifest.lock */,
				F919D789219186DF0069F42B /* Sources */,
				F919D78A219186DF0069F42B /* Frameworks */,
				F919D78B219186DF0069F42B /* Resources */,
				BE42171275E341442354083F /* [CP] Embed Pods Frameworks */,
			);
			buildRules = (
			);
			dependencies = (
				F919D78F219186DF0069F42B /* PBXTargetDependency */,
			);
			name = TransTracksTests;
			productName = TransTracksTests;
			productReference = F919D78D219186DF0069F42B /* TransTracksTests.xctest */;
			productType = "com.apple.product-type.bundle.unit-test";
		};
		F919D797219186DF0069F42B /* TransTracksUITests */ = {
			isa = PBXNativeTarget;
			buildConfigurationList = F919D7A7219186DF0069F42B /* Build configuration list for PBXNativeTarget "TransTracksUITests" */;
			buildPhases = (
				BCC19A5F3CFA02C8A87F35EB /* [CP] Check Pods Manifest.lock */,
				F919D794219186DF0069F42B /* Sources */,
				F919D795219186DF0069F42B /* Frameworks */,
				F919D796219186DF0069F42B /* Resources */,
			);
			buildRules = (
			);
			dependencies = (
				F919D79A219186DF0069F42B /* PBXTargetDependency */,
			);
			name = TransTracksUITests;
			productName = TransTracksUITests;
			productReference = F919D798219186DF0069F42B /* TransTracksUITests.xctest */;
			productType = "com.apple.product-type.bundle.ui-testing";
		};
/* End PBXNativeTarget section */

/* Begin PBXProject section */
		F919D771219186DD0069F42B /* Project object */ = {
			isa = PBXProject;
			attributes = {
				LastSwiftUpdateCheck = 1010;
				LastUpgradeCheck = 1010;
				ORGANIZATIONNAME = "Dr Boo";
				TargetAttributes = {
					F919D778219186DD0069F42B = {
						CreatedOnToolsVersion = 10.1;
					};
					F919D78C219186DF0069F42B = {
						CreatedOnToolsVersion = 10.1;
						TestTargetID = F919D778219186DD0069F42B;
					};
					F919D797219186DF0069F42B = {
						CreatedOnToolsVersion = 10.1;
						TestTargetID = F919D778219186DD0069F42B;
					};
				};
			};
			buildConfigurationList = F919D774219186DD0069F42B /* Build configuration list for PBXProject "TransTracks" */;
			compatibilityVersion = "Xcode 9.3";
			developmentRegion = en;
			hasScannedForEncodings = 0;
			knownRegions = (
				en,
				Base,
			);
			mainGroup = F919D770219186DD0069F42B;
			productRefGroup = F919D77A219186DD0069F42B /* Products */;
			projectDirPath = "";
			projectRoot = "";
			targets = (
				F919D778219186DD0069F42B /* TransTracks */,
				F919D78C219186DF0069F42B /* TransTracksTests */,
				F919D797219186DF0069F42B /* TransTracksUITests */,
			);
		};
/* End PBXProject section */

/* Begin PBXResourcesBuildPhase section */
		F919D777219186DD0069F42B /* Resources */ = {
			isa = PBXResourcesBuildPhase;
			buildActionMask = 2147483647;
			files = (
				F93CF078221A54EF0008CC44 /* Localizable.strings in Resources */,
				F919D787219186DF0069F42B /* LaunchScreen.storyboard in Resources */,
				F93CF073221A44420008CC44 /* GoogleService-Info.plist in Resources */,
				F9868C862207B94B00237C14 /* Assets.xcassets in Resources */,
				F93CF17E221BF19B0008CC44 /* Countries.bundle in Resources */,
				F919D782219186DD0069F42B /* Main.storyboard in Resources */,
				F97AA2F325E900E90015C3CC /* config.plist in Resources */,
				F97CAA96223A421700D6A549 /* Localizable.stringsdict in Resources */,
			);
			runOnlyForDeploymentPostprocessing = 0;
		};
		F919D78B219186DF0069F42B /* Resources */ = {
			isa = PBXResourcesBuildPhase;
			buildActionMask = 2147483647;
			files = (
			);
			runOnlyForDeploymentPostprocessing = 0;
		};
		F919D796219186DF0069F42B /* Resources */ = {
			isa = PBXResourcesBuildPhase;
			buildActionMask = 2147483647;
			files = (
			);
			runOnlyForDeploymentPostprocessing = 0;
		};
/* End PBXResourcesBuildPhase section */

/* Begin PBXShellScriptBuildPhase section */
		1548D279E5E154D9059365E1 /* [CP] Check Pods Manifest.lock */ = {
			isa = PBXShellScriptBuildPhase;
			buildActionMask = 2147483647;
			files = (
			);
			inputPaths = (
				"${PODS_PODFILE_DIR_PATH}/Podfile.lock",
				"${PODS_ROOT}/Manifest.lock",
			);
			name = "[CP] Check Pods Manifest.lock";
			outputPaths = (
				"$(DERIVED_FILE_DIR)/Pods-TransTracksTests-checkManifestLockResult.txt",
			);
			runOnlyForDeploymentPostprocessing = 0;
			shellPath = /bin/sh;
			shellScript = "diff \"${PODS_PODFILE_DIR_PATH}/Podfile.lock\" \"${PODS_ROOT}/Manifest.lock\" > /dev/null\nif [ $? != 0 ] ; then\n    # print error to STDERR\n    echo \"error: The sandbox is not in sync with the Podfile.lock. Run 'pod install' or update your CocoaPods installation.\" >&2\n    exit 1\nfi\n# This output is used by Xcode 'outputs' to avoid re-running this script phase.\necho \"SUCCESS\" > \"${SCRIPT_OUTPUT_FILE_0}\"\n";
			showEnvVarsInLog = 0;
		};
		3983AB3304C200D2BB0095E4 /* [CP] Check Pods Manifest.lock */ = {
			isa = PBXShellScriptBuildPhase;
			buildActionMask = 2147483647;
			files = (
			);
			inputPaths = (
				"${PODS_PODFILE_DIR_PATH}/Podfile.lock",
				"${PODS_ROOT}/Manifest.lock",
			);
			name = "[CP] Check Pods Manifest.lock";
			outputPaths = (
				"$(DERIVED_FILE_DIR)/Pods-TransTracks-checkManifestLockResult.txt",
			);
			runOnlyForDeploymentPostprocessing = 0;
			shellPath = /bin/sh;
			shellScript = "diff \"${PODS_PODFILE_DIR_PATH}/Podfile.lock\" \"${PODS_ROOT}/Manifest.lock\" > /dev/null\nif [ $? != 0 ] ; then\n    # print error to STDERR\n    echo \"error: The sandbox is not in sync with the Podfile.lock. Run 'pod install' or update your CocoaPods installation.\" >&2\n    exit 1\nfi\n# This output is used by Xcode 'outputs' to avoid re-running this script phase.\necho \"SUCCESS\" > \"${SCRIPT_OUTPUT_FILE_0}\"\n";
			showEnvVarsInLog = 0;
		};
		5D41AAEB36C12E4364318CFB /* [CP] Embed Pods Frameworks */ = {
			isa = PBXShellScriptBuildPhase;
			buildActionMask = 2147483647;
			files = (
			);
			inputPaths = (
				"${PODS_ROOT}/Target Support Files/Pods-TransTracks/Pods-TransTracks-frameworks.sh",
				"${BUILT_PRODUCTS_DIR}/GoogleUtilities/GoogleUtilities.framework",
				"${BUILT_PRODUCTS_DIR}/PasswordTextField/PasswordTextField.framework",
				"${BUILT_PRODUCTS_DIR}/RxAtomic/RxAtomic.framework",
				"${BUILT_PRODUCTS_DIR}/RxCocoa/RxCocoa.framework",
				"${BUILT_PRODUCTS_DIR}/RxSwift/RxSwift.framework",
				"${BUILT_PRODUCTS_DIR}/RxSwiftExt/RxSwiftExt.framework",
				"${BUILT_PRODUCTS_DIR}/Toast-Swift/Toast_Swift.framework",
				"${BUILT_PRODUCTS_DIR}/nanopb/nanopb.framework",
			);
			name = "[CP] Embed Pods Frameworks";
			outputPaths = (
				"${TARGET_BUILD_DIR}/${FRAMEWORKS_FOLDER_PATH}/GoogleUtilities.framework",
				"${TARGET_BUILD_DIR}/${FRAMEWORKS_FOLDER_PATH}/PasswordTextField.framework",
				"${TARGET_BUILD_DIR}/${FRAMEWORKS_FOLDER_PATH}/RxAtomic.framework",
				"${TARGET_BUILD_DIR}/${FRAMEWORKS_FOLDER_PATH}/RxCocoa.framework",
				"${TARGET_BUILD_DIR}/${FRAMEWORKS_FOLDER_PATH}/RxSwift.framework",
				"${TARGET_BUILD_DIR}/${FRAMEWORKS_FOLDER_PATH}/RxSwiftExt.framework",
				"${TARGET_BUILD_DIR}/${FRAMEWORKS_FOLDER_PATH}/Toast_Swift.framework",
				"${TARGET_BUILD_DIR}/${FRAMEWORKS_FOLDER_PATH}/nanopb.framework",
			);
			runOnlyForDeploymentPostprocessing = 0;
			shellPath = /bin/sh;
			shellScript = "\"${PODS_ROOT}/Target Support Files/Pods-TransTracks/Pods-TransTracks-frameworks.sh\"\n";
			showEnvVarsInLog = 0;
		};
		BCC19A5F3CFA02C8A87F35EB /* [CP] Check Pods Manifest.lock */ = {
			isa = PBXShellScriptBuildPhase;
			buildActionMask = 2147483647;
			files = (
			);
			inputPaths = (
				"${PODS_PODFILE_DIR_PATH}/Podfile.lock",
				"${PODS_ROOT}/Manifest.lock",
			);
			name = "[CP] Check Pods Manifest.lock";
			outputPaths = (
				"$(DERIVED_FILE_DIR)/Pods-TransTracksUITests-checkManifestLockResult.txt",
			);
			runOnlyForDeploymentPostprocessing = 0;
			shellPath = /bin/sh;
			shellScript = "diff \"${PODS_PODFILE_DIR_PATH}/Podfile.lock\" \"${PODS_ROOT}/Manifest.lock\" > /dev/null\nif [ $? != 0 ] ; then\n    # print error to STDERR\n    echo \"error: The sandbox is not in sync with the Podfile.lock. Run 'pod install' or update your CocoaPods installation.\" >&2\n    exit 1\nfi\n# This output is used by Xcode 'outputs' to avoid re-running this script phase.\necho \"SUCCESS\" > \"${SCRIPT_OUTPUT_FILE_0}\"\n";
			showEnvVarsInLog = 0;
		};
		BE42171275E341442354083F /* [CP] Embed Pods Frameworks */ = {
			isa = PBXShellScriptBuildPhase;
			buildActionMask = 2147483647;
			files = (
			);
			inputFileListPaths = (
			);
			inputPaths = (
				"${PODS_ROOT}/Target Support Files/Pods-TransTracksTests/Pods-TransTracksTests-frameworks.sh",
				"${BUILT_PRODUCTS_DIR}/RxAtomic/RxAtomic.framework",
				"${BUILT_PRODUCTS_DIR}/RxSwift/RxSwift.framework",
				"${BUILT_PRODUCTS_DIR}/RxBlocking/RxBlocking.framework",
				"${BUILT_PRODUCTS_DIR}/RxTest/RxTest.framework",
			);
			name = "[CP] Embed Pods Frameworks";
			outputFileListPaths = (
			);
			outputPaths = (
				"${TARGET_BUILD_DIR}/${FRAMEWORKS_FOLDER_PATH}/RxAtomic.framework",
				"${TARGET_BUILD_DIR}/${FRAMEWORKS_FOLDER_PATH}/RxSwift.framework",
				"${TARGET_BUILD_DIR}/${FRAMEWORKS_FOLDER_PATH}/RxBlocking.framework",
				"${TARGET_BUILD_DIR}/${FRAMEWORKS_FOLDER_PATH}/RxTest.framework",
			);
			runOnlyForDeploymentPostprocessing = 0;
			shellPath = /bin/sh;
			shellScript = "\"${PODS_ROOT}/Target Support Files/Pods-TransTracksTests/Pods-TransTracksTests-frameworks.sh\"\n";
			showEnvVarsInLog = 0;
		};
		F93CF05D2217D8810008CC44 /* ShellScript */ = {
			isa = PBXShellScriptBuildPhase;
			buildActionMask = 2147483647;
			files = (
			);
			inputFileListPaths = (
			);
			inputPaths = (
				"$(BUILT_PRODUCTS_DIR)/$(INFOPLIST_PATH)",
			);
			outputFileListPaths = (
			);
			outputPaths = (
			);
			runOnlyForDeploymentPostprocessing = 0;
			shellPath = /bin/sh;
			shellScript = "\"${PODS_ROOT}/Fabric/run\"\n";
		};
/* End PBXShellScriptBuildPhase section */

/* Begin PBXSourcesBuildPhase section */
		F919D775219186DD0069F42B /* Sources */ = {
			isa = PBXSourcesBuildPhase;
			buildActionMask = 2147483647;
			files = (
				F93CF19D221BF19B0008CC44 /* GradientSlider.swift in Sources */,
				F93CF191221BF19B0008CC44 /* Contact.swift in Sources */,
				F93CF19A221BF19B0008CC44 /* LikeButtonCell.swift in Sources */,
				F919D77F219186DD0069F42B /* HomeViewController.swift in Sources */,
				F95C51DB22546EC6002499F4 /* SelectPhotoController.swift in Sources */,
				F93CF171221BF19B0008CC44 /* String+Extensions.swift in Sources */,
				F93CF16B221BF19B0008CC44 /* Array+Extensions.swift in Sources */,
				F919D77D219186DD0069F42B /* AppDelegate.swift in Sources */,
				F97CAA92223A31AC00D6A549 /* Photo.swift in Sources */,
				F93CF192221BF19B0008CC44 /* ContactCell.swift in Sources */,
				F93CF176221BF19B0008CC44 /* UIApplication+Extensions.swift in Sources */,
				F93CF18F221BF19B0008CC44 /* ContactsPickerViewController.swift in Sources */,
				F97CAA8E223A20CB00D6A549 /* DataController.swift in Sources */,
				F97FFBEB22781489009503A4 /* AssignPhotoDomain.swift in Sources */,
				F93CF07D221A59A00008CC44 /* SettingCell.swift in Sources */,
				F93CF16E221BF19B0008CC44 /* UIViewController+Extensions.swift in Sources */,
				F9EBDAA7222B998700268392 /* TransTracks.xcdatamodeld in Sources */,
				F93CF17F221BF19B0008CC44 /* LocaleStore.swift in Sources */,
				F93CF187221BF19B0008CC44 /* Assets.swift in Sources */,
				F93CF18C221BF19B0008CC44 /* Location.swift in Sources */,
				F97CAA90223A262300D6A549 /* Rx.swift in Sources */,
				F93CF181221BF19B0008CC44 /* LocalePickerViewController.swift in Sources */,
				F93CF186221BF19B0008CC44 /* OneTextFieldViewController.swift in Sources */,
				F93CF17B221BF19B0008CC44 /* UITextField+Extensions.swift in Sources */,
				F93CF19E221BF19B0008CC44 /* TextField.swift in Sources */,
				F950478A22643BD0004E2304 /* PhotoCell.swift in Sources */,
				F93CF170221BF19B0008CC44 /* Date+Extension.swift in Sources */,
				F93CF184221BF19B0008CC44 /* CountryCell.swift in Sources */,
				F93CF16D221BF19B0008CC44 /* UIImageView+Extensions.swift in Sources */,
				F93CF178221BF19B0008CC44 /* Optional+Extensions.swift in Sources */,
				F9EBDAAA222BA3D800268392 /* HomeDomain.swift in Sources */,
				F9DAC0A022212BA20051B8E6 /* AlertPasswordTextField.swift in Sources */,
				F93CF17D221BF19B0008CC44 /* TextViewController.swift in Sources */,
				F97CAA94223A3A9D00D6A549 /* Milestone.swift in Sources */,
				F97FFBED2279687D009503A4 /* FileUtil.swift in Sources */,
				F93CF16C221BF19B0008CC44 /* UISegmentedControl+Extensions.swift in Sources */,
				F93CF07A221A55CC0008CC44 /* Dates.swift in Sources */,
				F93CF196221BF19B0008CC44 /* ItemWithImage.swift in Sources */,
				F950478D2265924E004E2304 /* AssignPhotoController.swift in Sources */,
				F93CF083221A66B70008CC44 /* DividerView.swift in Sources */,
				F93CF180221BF19B0008CC44 /* LocaleInfo.swift in Sources */,
				F93CF172221BF19B0008CC44 /* UITextView+Extensions.swift in Sources */,
				F93CF194221BF19B0008CC44 /* DatePickerViewController.swift in Sources */,
				F93CF182221BF19B0008CC44 /* PhoneCodeCell.swift in Sources */,
				F95C51DD22546F54002499F4 /* BackgroundGradientCollectionViewController.swift in Sources */,
				F93CF179221BF19B0008CC44 /* Common+Extensions.swift in Sources */,
				F93CF066221801C20008CC44 /* UserDefaultsUtil.swift in Sources */,
				F97CAA98223A4F4700D6A549 /* DomainManager.swift in Sources */,
				F9DAC0A22221369C0051B8E6 /* TwoPasswordTextFieldController.swift in Sources */,
				F93CF183221BF19B0008CC44 /* CurrencyCell.swift in Sources */,
				F93CF197221BF19B0008CC44 /* PhotoLayout.swift in Sources */,
				F9EBDAA2222A1C5600268392 /* HMAC.swift in Sources */,
				F93CF18B221BF19B0008CC44 /* SearchHistoryManager.swift in Sources */,
				F9DAC09E222129FB0051B8E6 /* OnePasswordTextFieldController.swift in Sources */,
				F93CF0612217F2580008CC44 /* NavigationController.swift in Sources */,
				F93CF188221BF19B0008CC44 /* PhotoLibraryPickerViewController.swift in Sources */,
				F93CF19C221BF19B0008CC44 /* SegmentedControl.swift in Sources */,
				F93CF195221BF19B0008CC44 /* ImagePickerViewController.swift in Sources */,
				F93CF18D221BF19B0008CC44 /* Address.swift in Sources */,
				F93CF18A221BF19B0008CC44 /* LocationPickerViewController.swift in Sources */,
				F93CF19F221BF19B0008CC44 /* Button.swift in Sources */,
				F93CF199221BF19B0008CC44 /* ItemWithPhoto.swift in Sources */,
				F93CF198221BF19B0008CC44 /* TelegramPickerViewController.swift in Sources */,
				F93CF175221BF19B0008CC44 /* UISearchBar+Extensions.swift in Sources */,
				F93CF177221BF19B0008CC44 /* UIAlertController+Extensions.swift in Sources */,
				F93CF06D221957FD0008CC44 /* BackgroundGradientViewController.swift in Sources */,
				F93CF193221BF19B0008CC44 /* ColorPickerViewController.swift in Sources */,
				F93CF174221BF19B0008CC44 /* UIImage+Extensions.swift in Sources */,
				F93CF16F221BF19B0008CC44 /* UIView+Extensions.swift in Sources */,
				F93CF19B221BF19B0008CC44 /* Label.swift in Sources */,
				F93CF0642217FD860008CC44 /* ThemeManager.swift in Sources */,
				F9DAC0A4222144B10051B8E6 /* TextFieldReturnAction.swift in Sources */,
				F93CF075221A51F30008CC44 /* SettingsController.swift in Sources */,
				F93CF071221A31EF0008CC44 /* AdContainerView.swift in Sources */,
				F93CF068221805BC0008CC44 /* UIColors.swift in Sources */,
				F93CF06F221A1BDD0008CC44 /* GADBannerViews.swift in Sources */,
				F93CF185221BF19B0008CC44 /* TwoTextFieldsViewController.swift in Sources */,
				F93CF190221BF19B0008CC44 /* Contacts.swift in Sources */,
				F93CF17C221BF19B0008CC44 /* AttributedTextBlock.swift in Sources */,
				F93CF189221BF19B0008CC44 /* LocationSearchResultsViewController.swift in Sources */,
				F93CF173221BF19B0008CC44 /* UIColor+Extensions.swift in Sources */,
				F93CF081221A5A0A0008CC44 /* ButtonCell.swift in Sources */,
				F93CF17A221BF19B0008CC44 /* Locale+Extensions.swift in Sources */,
				F93CF18E221BF19B0008CC44 /* PickerViewViewController.swift in Sources */,
				F97FF0D622268B0B00DE7FA9 /* EncryptionUtil.swift in Sources */,
			);
			runOnlyForDeploymentPostprocessing = 0;
		};
		F919D789219186DF0069F42B /* Sources */ = {
			isa = PBXSourcesBuildPhase;
			buildActionMask = 2147483647;
			files = (
				F919D792219186DF0069F42B /* TransTracksTests.swift in Sources */,
			);
			runOnlyForDeploymentPostprocessing = 0;
		};
		F919D794219186DF0069F42B /* Sources */ = {
			isa = PBXSourcesBuildPhase;
			buildActionMask = 2147483647;
			files = (
				F919D79D219186DF0069F42B /* TransTracksUITests.swift in Sources */,
			);
			runOnlyForDeploymentPostprocessing = 0;
		};
/* End PBXSourcesBuildPhase section */

/* Begin PBXTargetDependency section */
		F919D78F219186DF0069F42B /* PBXTargetDependency */ = {
			isa = PBXTargetDependency;
			target = F919D778219186DD0069F42B /* TransTracks */;
			targetProxy = F919D78E219186DF0069F42B /* PBXContainerItemProxy */;
		};
		F919D79A219186DF0069F42B /* PBXTargetDependency */ = {
			isa = PBXTargetDependency;
			target = F919D778219186DD0069F42B /* TransTracks */;
			targetProxy = F919D799219186DF0069F42B /* PBXContainerItemProxy */;
		};
/* End PBXTargetDependency section */

/* Begin PBXVariantGroup section */
		F919D780219186DD0069F42B /* Main.storyboard */ = {
			isa = PBXVariantGroup;
			children = (
				F919D781219186DD0069F42B /* Base */,
			);
			name = Main.storyboard;
			sourceTree = "<group>";
		};
		F919D785219186DF0069F42B /* LaunchScreen.storyboard */ = {
			isa = PBXVariantGroup;
			children = (
				F919D786219186DF0069F42B /* Base */,
			);
			name = LaunchScreen.storyboard;
			sourceTree = "<group>";
		};
/* End PBXVariantGroup section */

/* Begin XCBuildConfiguration section */
		F919D79F219186DF0069F42B /* Debug */ = {
			isa = XCBuildConfiguration;
			buildSettings = {
				ALWAYS_SEARCH_USER_PATHS = NO;
				CLANG_ANALYZER_NONNULL = YES;
				CLANG_ANALYZER_NUMBER_OBJECT_CONVERSION = YES_AGGRESSIVE;
				CLANG_CXX_LANGUAGE_STANDARD = "gnu++14";
				CLANG_CXX_LIBRARY = "libc++";
				CLANG_ENABLE_MODULES = YES;
				CLANG_ENABLE_OBJC_ARC = YES;
				CLANG_ENABLE_OBJC_WEAK = YES;
				CLANG_WARN_BLOCK_CAPTURE_AUTORELEASING = YES;
				CLANG_WARN_BOOL_CONVERSION = YES;
				CLANG_WARN_COMMA = YES;
				CLANG_WARN_CONSTANT_CONVERSION = YES;
				CLANG_WARN_DEPRECATED_OBJC_IMPLEMENTATIONS = YES;
				CLANG_WARN_DIRECT_OBJC_ISA_USAGE = YES_ERROR;
				CLANG_WARN_DOCUMENTATION_COMMENTS = YES;
				CLANG_WARN_EMPTY_BODY = YES;
				CLANG_WARN_ENUM_CONVERSION = YES;
				CLANG_WARN_INFINITE_RECURSION = YES;
				CLANG_WARN_INT_CONVERSION = YES;
				CLANG_WARN_NON_LITERAL_NULL_CONVERSION = YES;
				CLANG_WARN_OBJC_IMPLICIT_RETAIN_SELF = YES;
				CLANG_WARN_OBJC_LITERAL_CONVERSION = YES;
				CLANG_WARN_OBJC_ROOT_CLASS = YES_ERROR;
				CLANG_WARN_RANGE_LOOP_ANALYSIS = YES;
				CLANG_WARN_STRICT_PROTOTYPES = YES;
				CLANG_WARN_SUSPICIOUS_MOVE = YES;
				CLANG_WARN_UNGUARDED_AVAILABILITY = YES_AGGRESSIVE;
				CLANG_WARN_UNREACHABLE_CODE = YES;
				CLANG_WARN__DUPLICATE_METHOD_MATCH = YES;
				CODE_SIGN_IDENTITY = "iPhone Developer";
				COPY_PHASE_STRIP = NO;
				DEBUG_INFORMATION_FORMAT = dwarf;
				ENABLE_STRICT_OBJC_MSGSEND = YES;
				ENABLE_TESTABILITY = YES;
				GCC_C_LANGUAGE_STANDARD = gnu11;
				GCC_DYNAMIC_NO_PIC = NO;
				GCC_NO_COMMON_BLOCKS = YES;
				GCC_OPTIMIZATION_LEVEL = 0;
				GCC_PREPROCESSOR_DEFINITIONS = (
					"DEBUG=1",
					"$(inherited)",
				);
				GCC_WARN_64_TO_32_BIT_CONVERSION = YES;
				GCC_WARN_ABOUT_RETURN_TYPE = YES_ERROR;
				GCC_WARN_UNDECLARED_SELECTOR = YES;
				GCC_WARN_UNINITIALIZED_AUTOS = YES_AGGRESSIVE;
				GCC_WARN_UNUSED_FUNCTION = YES;
				GCC_WARN_UNUSED_VARIABLE = YES;
				IPHONEOS_DEPLOYMENT_TARGET = 12.1;
				MTL_ENABLE_DEBUG_INFO = INCLUDE_SOURCE;
				MTL_FAST_MATH = YES;
				ONLY_ACTIVE_ARCH = YES;
				SDKROOT = iphoneos;
				SWIFT_ACTIVE_COMPILATION_CONDITIONS = DEBUG;
				SWIFT_OPTIMIZATION_LEVEL = "-Onone";
			};
			name = Debug;
		};
		F919D7A0219186DF0069F42B /* Release */ = {
			isa = XCBuildConfiguration;
			buildSettings = {
				ALWAYS_SEARCH_USER_PATHS = NO;
				CLANG_ANALYZER_NONNULL = YES;
				CLANG_ANALYZER_NUMBER_OBJECT_CONVERSION = YES_AGGRESSIVE;
				CLANG_CXX_LANGUAGE_STANDARD = "gnu++14";
				CLANG_CXX_LIBRARY = "libc++";
				CLANG_ENABLE_MODULES = YES;
				CLANG_ENABLE_OBJC_ARC = YES;
				CLANG_ENABLE_OBJC_WEAK = YES;
				CLANG_WARN_BLOCK_CAPTURE_AUTORELEASING = YES;
				CLANG_WARN_BOOL_CONVERSION = YES;
				CLANG_WARN_COMMA = YES;
				CLANG_WARN_CONSTANT_CONVERSION = YES;
				CLANG_WARN_DEPRECATED_OBJC_IMPLEMENTATIONS = YES;
				CLANG_WARN_DIRECT_OBJC_ISA_USAGE = YES_ERROR;
				CLANG_WARN_DOCUMENTATION_COMMENTS = YES;
				CLANG_WARN_EMPTY_BODY = YES;
				CLANG_WARN_ENUM_CONVERSION = YES;
				CLANG_WARN_INFINITE_RECURSION = YES;
				CLANG_WARN_INT_CONVERSION = YES;
				CLANG_WARN_NON_LITERAL_NULL_CONVERSION = YES;
				CLANG_WARN_OBJC_IMPLICIT_RETAIN_SELF = YES;
				CLANG_WARN_OBJC_LITERAL_CONVERSION = YES;
				CLANG_WARN_OBJC_ROOT_CLASS = YES_ERROR;
				CLANG_WARN_RANGE_LOOP_ANALYSIS = YES;
				CLANG_WARN_STRICT_PROTOTYPES = YES;
				CLANG_WARN_SUSPICIOUS_MOVE = YES;
				CLANG_WARN_UNGUARDED_AVAILABILITY = YES_AGGRESSIVE;
				CLANG_WARN_UNREACHABLE_CODE = YES;
				CLANG_WARN__DUPLICATE_METHOD_MATCH = YES;
				CODE_SIGN_IDENTITY = "iPhone Developer";
				COPY_PHASE_STRIP = NO;
				DEBUG_INFORMATION_FORMAT = "dwarf-with-dsym";
				ENABLE_NS_ASSERTIONS = NO;
				ENABLE_STRICT_OBJC_MSGSEND = YES;
				GCC_C_LANGUAGE_STANDARD = gnu11;
				GCC_NO_COMMON_BLOCKS = YES;
				GCC_WARN_64_TO_32_BIT_CONVERSION = YES;
				GCC_WARN_ABOUT_RETURN_TYPE = YES_ERROR;
				GCC_WARN_UNDECLARED_SELECTOR = YES;
				GCC_WARN_UNINITIALIZED_AUTOS = YES_AGGRESSIVE;
				GCC_WARN_UNUSED_FUNCTION = YES;
				GCC_WARN_UNUSED_VARIABLE = YES;
				IPHONEOS_DEPLOYMENT_TARGET = 12.1;
				MTL_ENABLE_DEBUG_INFO = NO;
				MTL_FAST_MATH = YES;
				SDKROOT = iphoneos;
				SWIFT_COMPILATION_MODE = wholemodule;
				SWIFT_OPTIMIZATION_LEVEL = "-O";
				VALIDATE_PRODUCT = YES;
			};
			name = Release;
		};
		F919D7A2219186DF0069F42B /* Debug */ = {
			isa = XCBuildConfiguration;
			baseConfigurationReference = 231C54A32960F23DF519B785 /* Pods-TransTracks.debug.xcconfig */;
			buildSettings = {
				ASSETCATALOG_COMPILER_APPICON_NAME = AppIcon;
				CODE_SIGN_STYLE = Automatic;
				DEVELOPMENT_TEAM = SLWWTU9N3Q;
				INFOPLIST_FILE = TransTracks/Info.plist;
				LD_RUNPATH_SEARCH_PATHS = (
					"$(inherited)",
					"@executable_path/Frameworks",
				);
				PRODUCT_BUNDLE_IDENTIFIER = com.drspaceboo.TransTracks;
				PRODUCT_NAME = "$(TARGET_NAME)";
				SWIFT_VERSION = 4.2;
				TARGETED_DEVICE_FAMILY = "1,2";
			};
			name = Debug;
		};
		F919D7A3219186DF0069F42B /* Release */ = {
			isa = XCBuildConfiguration;
			baseConfigurationReference = 9CA426AE8DCFD7079FB07986 /* Pods-TransTracks.release.xcconfig */;
			buildSettings = {
				ASSETCATALOG_COMPILER_APPICON_NAME = AppIcon;
				CODE_SIGN_STYLE = Automatic;
				DEVELOPMENT_TEAM = SLWWTU9N3Q;
				INFOPLIST_FILE = TransTracks/Info.plist;
				LD_RUNPATH_SEARCH_PATHS = (
					"$(inherited)",
					"@executable_path/Frameworks",
				);
				PRODUCT_BUNDLE_IDENTIFIER = com.drspaceboo.TransTracks;
				PRODUCT_NAME = "$(TARGET_NAME)";
				SWIFT_VERSION = 4.2;
				TARGETED_DEVICE_FAMILY = "1,2";
			};
			name = Release;
		};
		F919D7A5219186DF0069F42B /* Debug */ = {
			isa = XCBuildConfiguration;
			baseConfigurationReference = 1DA809AC71E468F473C50263 /* Pods-TransTracksTests.debug.xcconfig */;
			buildSettings = {
				ALWAYS_EMBED_SWIFT_STANDARD_LIBRARIES = YES;
				BUNDLE_LOADER = "$(TEST_HOST)";
				CODE_SIGN_STYLE = Automatic;
				DEVELOPMENT_TEAM = SLWWTU9N3Q;
				INFOPLIST_FILE = TransTracksTests/Info.plist;
				LD_RUNPATH_SEARCH_PATHS = (
					"$(inherited)",
					"@executable_path/Frameworks",
					"@loader_path/Frameworks",
				);
				PRODUCT_BUNDLE_IDENTIFIER = com.drspaceboo.TransTracksTests;
				PRODUCT_NAME = "$(TARGET_NAME)";
				SWIFT_VERSION = 4.2;
				TARGETED_DEVICE_FAMILY = "1,2";
				TEST_HOST = "$(BUILT_PRODUCTS_DIR)/TransTracks.app/TransTracks";
			};
			name = Debug;
		};
		F919D7A6219186DF0069F42B /* Release */ = {
			isa = XCBuildConfiguration;
			baseConfigurationReference = FE297B424E2A06ADA14BF95D /* Pods-TransTracksTests.release.xcconfig */;
			buildSettings = {
				ALWAYS_EMBED_SWIFT_STANDARD_LIBRARIES = YES;
				BUNDLE_LOADER = "$(TEST_HOST)";
				CODE_SIGN_STYLE = Automatic;
				DEVELOPMENT_TEAM = SLWWTU9N3Q;
				INFOPLIST_FILE = TransTracksTests/Info.plist;
				LD_RUNPATH_SEARCH_PATHS = (
					"$(inherited)",
					"@executable_path/Frameworks",
					"@loader_path/Frameworks",
				);
				PRODUCT_BUNDLE_IDENTIFIER = com.drspaceboo.TransTracksTests;
				PRODUCT_NAME = "$(TARGET_NAME)";
				SWIFT_VERSION = 4.2;
				TARGETED_DEVICE_FAMILY = "1,2";
				TEST_HOST = "$(BUILT_PRODUCTS_DIR)/TransTracks.app/TransTracks";
			};
			name = Release;
		};
		F919D7A8219186DF0069F42B /* Debug */ = {
			isa = XCBuildConfiguration;
			baseConfigurationReference = 6C25B5478A645DB63EFA77E3 /* Pods-TransTracksUITests.debug.xcconfig */;
			buildSettings = {
				ALWAYS_EMBED_SWIFT_STANDARD_LIBRARIES = YES;
				CODE_SIGN_STYLE = Automatic;
				DEVELOPMENT_TEAM = SLWWTU9N3Q;
				INFOPLIST_FILE = TransTracksUITests/Info.plist;
				LD_RUNPATH_SEARCH_PATHS = (
					"$(inherited)",
					"@executable_path/Frameworks",
					"@loader_path/Frameworks",
				);
				PRODUCT_BUNDLE_IDENTIFIER = com.drspaceboo.TransTracksUITests;
				PRODUCT_NAME = "$(TARGET_NAME)";
				SWIFT_VERSION = 4.2;
				TARGETED_DEVICE_FAMILY = "1,2";
				TEST_TARGET_NAME = TransTracks;
			};
			name = Debug;
		};
		F919D7A9219186DF0069F42B /* Release */ = {
			isa = XCBuildConfiguration;
			baseConfigurationReference = 7C239FFF4F0192863FBFB945 /* Pods-TransTracksUITests.release.xcconfig */;
			buildSettings = {
				ALWAYS_EMBED_SWIFT_STANDARD_LIBRARIES = YES;
				CODE_SIGN_STYLE = Automatic;
				DEVELOPMENT_TEAM = SLWWTU9N3Q;
				INFOPLIST_FILE = TransTracksUITests/Info.plist;
				LD_RUNPATH_SEARCH_PATHS = (
					"$(inherited)",
					"@executable_path/Frameworks",
					"@loader_path/Frameworks",
				);
				PRODUCT_BUNDLE_IDENTIFIER = com.drspaceboo.TransTracksUITests;
				PRODUCT_NAME = "$(TARGET_NAME)";
				SWIFT_VERSION = 4.2;
				TARGETED_DEVICE_FAMILY = "1,2";
				TEST_TARGET_NAME = TransTracks;
			};
			name = Release;
		};
/* End XCBuildConfiguration section */

/* Begin XCConfigurationList section */
		F919D774219186DD0069F42B /* Build configuration list for PBXProject "TransTracks" */ = {
			isa = XCConfigurationList;
			buildConfigurations = (
				F919D79F219186DF0069F42B /* Debug */,
				F919D7A0219186DF0069F42B /* Release */,
			);
			defaultConfigurationIsVisible = 0;
			defaultConfigurationName = Release;
		};
		F919D7A1219186DF0069F42B /* Build configuration list for PBXNativeTarget "TransTracks" */ = {
			isa = XCConfigurationList;
			buildConfigurations = (
				F919D7A2219186DF0069F42B /* Debug */,
				F919D7A3219186DF0069F42B /* Release */,
			);
			defaultConfigurationIsVisible = 0;
			defaultConfigurationName = Release;
		};
		F919D7A4219186DF0069F42B /* Build configuration list for PBXNativeTarget "TransTracksTests" */ = {
			isa = XCConfigurationList;
			buildConfigurations = (
				F919D7A5219186DF0069F42B /* Debug */,
				F919D7A6219186DF0069F42B /* Release */,
			);
			defaultConfigurationIsVisible = 0;
			defaultConfigurationName = Release;
		};
		F919D7A7219186DF0069F42B /* Build configuration list for PBXNativeTarget "TransTracksUITests" */ = {
			isa = XCConfigurationList;
			buildConfigurations = (
				F919D7A8219186DF0069F42B /* Debug */,
				F919D7A9219186DF0069F42B /* Release */,
			);
			defaultConfigurationIsVisible = 0;
			defaultConfigurationName = Release;
		};
/* End XCConfigurationList section */

/* Begin XCVersionGroup section */
		F9EBDAA5222B998700268392 /* TransTracks.xcdatamodeld */ = {
			isa = XCVersionGroup;
			children = (
				F9EBDAA6222B998700268392 /* TransTracks.xcdatamodel */,
			);
			currentVersion = F9EBDAA6222B998700268392 /* TransTracks.xcdatamodel */;
			path = TransTracks.xcdatamodeld;
			sourceTree = "<group>";
			versionGroupType = wrapper.xcdatamodel;
		};
/* End XCVersionGroup section */
	};
	rootObject = F919D771219186DD0069F42B /* Project object */;
}
